// !$*UTF8*$!
{
	archiveVersion = 1;
	classes = {
	};
	objectVersion = 51;
	objects = {

/* Begin PBXBuildFile section */
		69EC0BDA58353D39DBC0D29D /* Pods_RxProjectDemoTests.framework in Frameworks */ = {isa = PBXBuildFile; fileRef = 60B08D6C73CD40D244A2964C /* Pods_RxProjectDemoTests.framework */; };
		7BD8FC8D240FBE6A00754939 /* AppDelegate.swift in Sources */ = {isa = PBXBuildFile; fileRef = 7BD8FC8C240FBE6A00754939 /* AppDelegate.swift */; };
		7BD8FC8F240FBE6A00754939 /* SceneDelegate.swift in Sources */ = {isa = PBXBuildFile; fileRef = 7BD8FC8E240FBE6A00754939 /* SceneDelegate.swift */; };
		7BD8FC91240FBE6A00754939 /* ViewController.swift in Sources */ = {isa = PBXBuildFile; fileRef = 7BD8FC90240FBE6A00754939 /* ViewController.swift */; };
		7BD8FC94240FBE6A00754939 /* Main.storyboard in Resources */ = {isa = PBXBuildFile; fileRef = 7BD8FC92240FBE6A00754939 /* Main.storyboard */; };
		7BD8FC96240FBE6D00754939 /* Assets.xcassets in Resources */ = {isa = PBXBuildFile; fileRef = 7BD8FC95240FBE6D00754939 /* Assets.xcassets */; };
		7BD8FC99240FBE6D00754939 /* LaunchScreen.storyboard in Resources */ = {isa = PBXBuildFile; fileRef = 7BD8FC97240FBE6D00754939 /* LaunchScreen.storyboard */; };
		7BD8FCA4240FBE6D00754939 /* RxProjectDemoTests.swift in Sources */ = {isa = PBXBuildFile; fileRef = 7BD8FCA3240FBE6D00754939 /* RxProjectDemoTests.swift */; };
		D07BBDC767E0F553E356E8B6 /* Pods_RxProjectDemo.framework in Frameworks */ = {isa = PBXBuildFile; fileRef = 992E3A2A9B6DFF817AA1CB68 /* Pods_RxProjectDemo.framework */; };
/* End PBXBuildFile section */

/* Begin PBXContainerItemProxy section */
		7BD8FCA0240FBE6D00754939 /* PBXContainerItemProxy */ = {
			isa = PBXContainerItemProxy;
			containerPortal = 7BD8FC81240FBE6A00754939 /* Project object */;
			proxyType = 1;
			remoteGlobalIDString = 7BD8FC88240FBE6A00754939;
			remoteInfo = RxProjectDemo;
		};
/* End PBXContainerItemProxy section */

/* Begin PBXFileReference section */
		60B08D6C73CD40D244A2964C /* Pods_RxProjectDemoTests.framework */ = {isa = PBXFileReference; explicitFileType = wrapper.framework; includeInIndex = 0; path = Pods_RxProjectDemoTests.framework; sourceTree = BUILT_PRODUCTS_DIR; };
		7B177D93240FC18F00D128B8 /* RxProjectPlayGround.playground */ = {isa = PBXFileReference; lastKnownFileType = file.playground; name = RxProjectPlayGround.playground; path = ../../RxProjectPlayGround.playground; sourceTree = "<group>"; xcLanguageSpecificationIdentifier = xcode.lang.swift; };
		7BD8FC89240FBE6A00754939 /* RxProjectDemo.app */ = {isa = PBXFileReference; explicitFileType = wrapper.application; includeInIndex = 0; path = RxProjectDemo.app; sourceTree = BUILT_PRODUCTS_DIR; };
		7BD8FC8C240FBE6A00754939 /* AppDelegate.swift */ = {isa = PBXFileReference; lastKnownFileType = sourcecode.swift; path = AppDelegate.swift; sourceTree = "<group>"; };
		7BD8FC8E240FBE6A00754939 /* SceneDelegate.swift */ = {isa = PBXFileReference; lastKnownFileType = sourcecode.swift; path = SceneDelegate.swift; sourceTree = "<group>"; };
		7BD8FC90240FBE6A00754939 /* ViewController.swift */ = {isa = PBXFileReference; lastKnownFileType = sourcecode.swift; path = ViewController.swift; sourceTree = "<group>"; };
		7BD8FC93240FBE6A00754939 /* Base */ = {isa = PBXFileReference; lastKnownFileType = file.storyboard; name = Base; path = Base.lproj/Main.storyboard; sourceTree = "<group>"; };
		7BD8FC95240FBE6D00754939 /* Assets.xcassets */ = {isa = PBXFileReference; lastKnownFileType = folder.assetcatalog; path = Assets.xcassets; sourceTree = "<group>"; };
		7BD8FC98240FBE6D00754939 /* Base */ = {isa = PBXFileReference; lastKnownFileType = file.storyboard; name = Base; path = Base.lproj/LaunchScreen.storyboard; sourceTree = "<group>"; };
		7BD8FC9A240FBE6D00754939 /* Info.plist */ = {isa = PBXFileReference; lastKnownFileType = text.plist.xml; path = Info.plist; sourceTree = "<group>"; };
		7BD8FC9F240FBE6D00754939 /* RxProjectDemoTests.xctest */ = {isa = PBXFileReference; explicitFileType = wrapper.cfbundle; includeInIndex = 0; path = RxProjectDemoTests.xctest; sourceTree = BUILT_PRODUCTS_DIR; };
		7BD8FCA3240FBE6D00754939 /* RxProjectDemoTests.swift */ = {isa = PBXFileReference; lastKnownFileType = sourcecode.swift; path = RxProjectDemoTests.swift; sourceTree = "<group>"; };
		7BD8FCA5240FBE6D00754939 /* Info.plist */ = {isa = PBXFileReference; lastKnownFileType = text.plist.xml; path = Info.plist; sourceTree = "<group>"; };
		992E3A2A9B6DFF817AA1CB68 /* Pods_RxProjectDemo.framework */ = {isa = PBXFileReference; explicitFileType = wrapper.framework; includeInIndex = 0; path = Pods_RxProjectDemo.framework; sourceTree = BUILT_PRODUCTS_DIR; };
		9AF03BF60551D6A983EBA335 /* Pods-RxProjectDemo.release.xcconfig */ = {isa = PBXFileReference; includeInIndex = 1; lastKnownFileType = text.xcconfig; name = "Pods-RxProjectDemo.release.xcconfig"; path = "Target Support Files/Pods-RxProjectDemo/Pods-RxProjectDemo.release.xcconfig"; sourceTree = "<group>"; };
		C4ABCF8E05B7C1565B08795D /* Pods-RxProjectDemoTests.release.xcconfig */ = {isa = PBXFileReference; includeInIndex = 1; lastKnownFileType = text.xcconfig; name = "Pods-RxProjectDemoTests.release.xcconfig"; path = "Target Support Files/Pods-RxProjectDemoTests/Pods-RxProjectDemoTests.release.xcconfig"; sourceTree = "<group>"; };
		D3270605D640586B087DE65E /* Pods-RxProjectDemo.debug.xcconfig */ = {isa = PBXFileReference; includeInIndex = 1; lastKnownFileType = text.xcconfig; name = "Pods-RxProjectDemo.debug.xcconfig"; path = "Target Support Files/Pods-RxProjectDemo/Pods-RxProjectDemo.debug.xcconfig"; sourceTree = "<group>"; };
		D5EEC929A7A8D62D4AFBB545 /* Pods-RxProjectDemoTests.debug.xcconfig */ = {isa = PBXFileReference; includeInIndex = 1; lastKnownFileType = text.xcconfig; name = "Pods-RxProjectDemoTests.debug.xcconfig"; path = "Target Support Files/Pods-RxProjectDemoTests/Pods-RxProjectDemoTests.debug.xcconfig"; sourceTree = "<group>"; };
/* End PBXFileReference section */

/* Begin PBXFrameworksBuildPhase section */
		7BD8FC86240FBE6A00754939 /* Frameworks */ = {
			isa = PBXFrameworksBuildPhase;
			buildActionMask = 2147483647;
			files = (
				D07BBDC767E0F553E356E8B6 /* Pods_RxProjectDemo.framework in Frameworks */,
			);
			runOnlyForDeploymentPostprocessing = 0;
		};
		7BD8FC9C240FBE6D00754939 /* Frameworks */ = {
			isa = PBXFrameworksBuildPhase;
			buildActionMask = 2147483647;
			files = (
				69EC0BDA58353D39DBC0D29D /* Pods_RxProjectDemoTests.framework in Frameworks */,
			);
			runOnlyForDeploymentPostprocessing = 0;
		};
/* End PBXFrameworksBuildPhase section */

/* Begin PBXGroup section */
		537DA98EF14C4884EB6A0E88 /* Frameworks */ = {
			isa = PBXGroup;
			children = (
				992E3A2A9B6DFF817AA1CB68 /* Pods_RxProjectDemo.framework */,
				60B08D6C73CD40D244A2964C /* Pods_RxProjectDemoTests.framework */,
			);
			name = Frameworks;
			sourceTree = "<group>";
		};
		7BD8FC80240FBE6A00754939 = {
			isa = PBXGroup;
			children = (
				7BD8FC8B240FBE6A00754939 /* RxProjectDemo */,
				7BD8FCA2240FBE6D00754939 /* RxProjectDemoTests */,
				7BD8FC8A240FBE6A00754939 /* Products */,
				866E0172744AE51A6ABBB498 /* Pods */,
				537DA98EF14C4884EB6A0E88 /* Frameworks */,
			);
			sourceTree = "<group>";
		};
		7BD8FC8A240FBE6A00754939 /* Products */ = {
			isa = PBXGroup;
			children = (
				7BD8FC89240FBE6A00754939 /* RxProjectDemo.app */,
				7BD8FC9F240FBE6D00754939 /* RxProjectDemoTests.xctest */,
			);
			name = Products;
			sourceTree = "<group>";
		};
		7BD8FC8B240FBE6A00754939 /* RxProjectDemo */ = {
			isa = PBXGroup;
			children = (
				7B177D93240FC18F00D128B8 /* RxProjectPlayGround.playground */,
				7BD8FC8C240FBE6A00754939 /* AppDelegate.swift */,
				7BD8FC8E240FBE6A00754939 /* SceneDelegate.swift */,
				7BD8FC90240FBE6A00754939 /* ViewController.swift */,
				7BD8FC92240FBE6A00754939 /* Main.storyboard */,
				7BD8FC95240FBE6D00754939 /* Assets.xcassets */,
				7BD8FC97240FBE6D00754939 /* LaunchScreen.storyboard */,
				7BD8FC9A240FBE6D00754939 /* Info.plist */,
			);
			path = RxProjectDemo;
			sourceTree = "<group>";
		};
		7BD8FCA2240FBE6D00754939 /* RxProjectDemoTests */ = {
			isa = PBXGroup;
			children = (
				7BD8FCA3240FBE6D00754939 /* RxProjectDemoTests.swift */,
				7BD8FCA5240FBE6D00754939 /* Info.plist */,
			);
			path = RxProjectDemoTests;
			sourceTree = "<group>";
		};
		866E0172744AE51A6ABBB498 /* Pods */ = {
			isa = PBXGroup;
			children = (
				D3270605D640586B087DE65E /* Pods-RxProjectDemo.debug.xcconfig */,
				9AF03BF60551D6A983EBA335 /* Pods-RxProjectDemo.release.xcconfig */,
				D5EEC929A7A8D62D4AFBB545 /* Pods-RxProjectDemoTests.debug.xcconfig */,
				C4ABCF8E05B7C1565B08795D /* Pods-RxProjectDemoTests.release.xcconfig */,
			);
			path = Pods;
			sourceTree = "<group>";
		};
/* End PBXGroup section */

/* Begin PBXNativeTarget section */
		7BD8FC88240FBE6A00754939 /* RxProjectDemo */ = {
			isa = PBXNativeTarget;
			buildConfigurationList = 7BD8FCA8240FBE6D00754939 /* Build configuration list for PBXNativeTarget "RxProjectDemo" */;
			buildPhases = (
				46D40109549F659E30E495DD /* [CP] Check Pods Manifest.lock */,
				7BD8FC85240FBE6A00754939 /* Sources */,
				7BD8FC86240FBE6A00754939 /* Frameworks */,
				7BD8FC87240FBE6A00754939 /* Resources */,
				29EDA873618F7D543393BA40 /* [CP] Embed Pods Frameworks */,
			);
			buildRules = (
			);
			dependencies = (
			);
			name = RxProjectDemo;
			productName = RxProjectDemo;
			productReference = 7BD8FC89240FBE6A00754939 /* RxProjectDemo.app */;
			productType = "com.apple.product-type.application";
		};
		7BD8FC9E240FBE6D00754939 /* RxProjectDemoTests */ = {
			isa = PBXNativeTarget;
			buildConfigurationList = 7BD8FCAB240FBE6D00754939 /* Build configuration list for PBXNativeTarget "RxProjectDemoTests" */;
			buildPhases = (
				D96A755EF6ED5D16432652C8 /* [CP] Check Pods Manifest.lock */,
				7BD8FC9B240FBE6D00754939 /* Sources */,
				7BD8FC9C240FBE6D00754939 /* Frameworks */,
				7BD8FC9D240FBE6D00754939 /* Resources */,
			);
			buildRules = (
			);
			dependencies = (
				7BD8FCA1240FBE6D00754939 /* PBXTargetDependency */,
			);
			name = RxProjectDemoTests;
			productName = RxProjectDemoTests;
			productReference = 7BD8FC9F240FBE6D00754939 /* RxProjectDemoTests.xctest */;
			productType = "com.apple.product-type.bundle.unit-test";
		};
/* End PBXNativeTarget section */

/* Begin PBXProject section */
		7BD8FC81240FBE6A00754939 /* Project object */ = {
			isa = PBXProject;
			attributes = {
				LastSwiftUpdateCheck = 1130;
				LastUpgradeCheck = 1130;
				ORGANIZATIONNAME = diana;
				TargetAttributes = {
					7BD8FC88240FBE6A00754939 = {
						CreatedOnToolsVersion = 11.3.1;
					};
					7BD8FC9E240FBE6D00754939 = {
						CreatedOnToolsVersion = 11.3.1;
						TestTargetID = 7BD8FC88240FBE6A00754939;
					};
				};
			};
			buildConfigurationList = 7BD8FC84240FBE6A00754939 /* Build configuration list for PBXProject "RxProjectDemo" */;
			compatibilityVersion = "Xcode 9.3";
			developmentRegion = en;
			hasScannedForEncodings = 0;
			knownRegions = (
				en,
				Base,
			);
			mainGroup = 7BD8FC80240FBE6A00754939;
			productRefGroup = 7BD8FC8A240FBE6A00754939 /* Products */;
			projectDirPath = "";
			projectRoot = "";
			targets = (
				7BD8FC88240FBE6A00754939 /* RxProjectDemo */,
				7BD8FC9E240FBE6D00754939 /* RxProjectDemoTests */,
			);
		};
/* End PBXProject section */

/* Begin PBXResourcesBuildPhase section */
		7BD8FC87240FBE6A00754939 /* Resources */ = {
			isa = PBXResourcesBuildPhase;
			buildActionMask = 2147483647;
			files = (
				7BD8FC99240FBE6D00754939 /* LaunchScreen.storyboard in Resources */,
				7BD8FC96240FBE6D00754939 /* Assets.xcassets in Resources */,
				7BD8FC94240FBE6A00754939 /* Main.storyboard in Resources */,
			);
			runOnlyForDeploymentPostprocessing = 0;
		};
		7BD8FC9D240FBE6D00754939 /* Resources */ = {
			isa = PBXResourcesBuildPhase;
			buildActionMask = 2147483647;
			files = (
			);
			runOnlyForDeploymentPostprocessing = 0;
		};
/* End PBXResourcesBuildPhase section */

/* Begin PBXShellScriptBuildPhase section */
		29EDA873618F7D543393BA40 /* [CP] Embed Pods Frameworks */ = {
			isa = PBXShellScriptBuildPhase;
			buildActionMask = 2147483647;
			files = (
			);
			inputFileListPaths = (
				"${PODS_ROOT}/Target Support Files/Pods-RxProjectDemo/Pods-RxProjectDemo-frameworks-${CONFIGURATION}-input-files.xcfilelist",
			);
			name = "[CP] Embed Pods Frameworks";
			outputFileListPaths = (
				"${PODS_ROOT}/Target Support Files/Pods-RxProjectDemo/Pods-RxProjectDemo-frameworks-${CONFIGURATION}-output-files.xcfilelist",
			);
			runOnlyForDeploymentPostprocessing = 0;
			shellPath = /bin/sh;
			shellScript = "\"${PODS_ROOT}/Target Support Files/Pods-RxProjectDemo/Pods-RxProjectDemo-frameworks.sh\"\n";
			showEnvVarsInLog = 0;
		};
		46D40109549F659E30E495DD /* [CP] Check Pods Manifest.lock */ = {
			isa = PBXShellScriptBuildPhase;
			buildActionMask = 2147483647;
			files = (
			);
			inputFileListPaths = (
			);
			inputPaths = (
				"${PODS_PODFILE_DIR_PATH}/Podfile.lock",
				"${PODS_ROOT}/Manifest.lock",
			);
			name = "[CP] Check Pods Manifest.lock";
			outputFileListPaths = (
			);
			outputPaths = (
				"$(DERIVED_FILE_DIR)/Pods-RxProjectDemo-checkManifestLockResult.txt",
			);
			runOnlyForDeploymentPostprocessing = 0;
			shellPath = /bin/sh;
			shellScript = "diff \"${PODS_PODFILE_DIR_PATH}/Podfile.lock\" \"${PODS_ROOT}/Manifest.lock\" > /dev/null\nif [ $? != 0 ] ; then\n    # print error to STDERR\n    echo \"error: The sandbox is not in sync with the Podfile.lock. Run 'pod install' or update your CocoaPods installation.\" >&2\n    exit 1\nfi\n# This output is used by Xcode 'outputs' to avoid re-running this script phase.\necho \"SUCCESS\" > \"${SCRIPT_OUTPUT_FILE_0}\"\n";
			showEnvVarsInLog = 0;
		};
		D96A755EF6ED5D16432652C8 /* [CP] Check Pods Manifest.lock */ = {
			isa = PBXShellScriptBuildPhase;
			buildActionMask = 2147483647;
			files = (
			);
			inputFileListPaths = (
			);
			inputPaths = (
				"${PODS_PODFILE_DIR_PATH}/Podfile.lock",
				"${PODS_ROOT}/Manifest.lock",
			);
			name = "[CP] Check Pods Manifest.lock";
			outputFileListPaths = (
			);
			outputPaths = (
				"$(DERIVED_FILE_DIR)/Pods-RxProjectDemoTests-checkManifestLockResult.txt",
			);
			runOnlyForDeploymentPostprocessing = 0;
			shellPath = /bin/sh;
			shellScript = "diff \"${PODS_PODFILE_DIR_PATH}/Podfile.lock\" \"${PODS_ROOT}/Manifest.lock\" > /dev/null\nif [ $? != 0 ] ; then\n    # print error to STDERR\n    echo \"error: The sandbox is not in sync with the Podfile.lock. Run 'pod install' or update your CocoaPods installation.\" >&2\n    exit 1\nfi\n# This output is used by Xcode 'outputs' to avoid re-running this script phase.\necho \"SUCCESS\" > \"${SCRIPT_OUTPUT_FILE_0}\"\n";
			showEnvVarsInLog = 0;
		};
/* End PBXShellScriptBuildPhase section */

/* Begin PBXSourcesBuildPhase section */
		7BD8FC85240FBE6A00754939 /* Sources */ = {
			isa = PBXSourcesBuildPhase;
			buildActionMask = 2147483647;
			files = (
				7BD8FC91240FBE6A00754939 /* ViewController.swift in Sources */,
				7BD8FC8D240FBE6A00754939 /* AppDelegate.swift in Sources */,
				7BD8FC8F240FBE6A00754939 /* SceneDelegate.swift in Sources */,
			);
			runOnlyForDeploymentPostprocessing = 0;
		};
		7BD8FC9B240FBE6D00754939 /* Sources */ = {
			isa = PBXSourcesBuildPhase;
			buildActionMask = 2147483647;
			files = (
				7BD8FCA4240FBE6D00754939 /* RxProjectDemoTests.swift in Sources */,
			);
			runOnlyForDeploymentPostprocessing = 0;
		};
/* End PBXSourcesBuildPhase section */

/* Begin PBXTargetDependency section */
		7BD8FCA1240FBE6D00754939 /* PBXTargetDependency */ = {
			isa = PBXTargetDependency;
			target = 7BD8FC88240FBE6A00754939 /* RxProjectDemo */;
			targetProxy = 7BD8FCA0240FBE6D00754939 /* PBXContainerItemProxy */;
		};
/* End PBXTargetDependency section */

/* Begin PBXVariantGroup section */
		7BD8FC92240FBE6A00754939 /* Main.storyboard */ = {
			isa = PBXVariantGroup;
			children = (
				7BD8FC93240FBE6A00754939 /* Base */,
			);
			name = Main.storyboard;
			sourceTree = "<group>";
		};
		7BD8FC97240FBE6D00754939 /* LaunchScreen.storyboard */ = {
			isa = PBXVariantGroup;
			children = (
				7BD8FC98240FBE6D00754939 /* Base */,
			);
			name = LaunchScreen.storyboard;
			sourceTree = "<group>";
		};
/* End PBXVariantGroup section */

/* Begin XCBuildConfiguration section */
		7BD8FCA6240FBE6D00754939 /* Debug */ = {
			isa = XCBuildConfiguration;
			buildSettings = {
				ALWAYS_SEARCH_USER_PATHS = NO;
				CLANG_ANALYZER_NONNULL = YES;
				CLANG_ANALYZER_NUMBER_OBJECT_CONVERSION = YES_AGGRESSIVE;
				CLANG_CXX_LANGUAGE_STANDARD = "gnu++14";
				CLANG_CXX_LIBRARY = "libc++";
				CLANG_ENABLE_MODULES = YES;
				CLANG_ENABLE_OBJC_ARC = YES;
				CLANG_ENABLE_OBJC_WEAK = YES;
				CLANG_WARN_BLOCK_CAPTURE_AUTORELEASING = YES;
				CLANG_WARN_BOOL_CONVERSION = YES;
				CLANG_WARN_COMMA = YES;
				CLANG_WARN_CONSTANT_CONVERSION = YES;
				CLANG_WARN_DEPRECATED_OBJC_IMPLEMENTATIONS = YES;
				CLANG_WARN_DIRECT_OBJC_ISA_USAGE = YES_ERROR;
				CLANG_WARN_DOCUMENTATION_COMMENTS = YES;
				CLANG_WARN_EMPTY_BODY = YES;
				CLANG_WARN_ENUM_CONVERSION = YES;
				CLANG_WARN_INFINITE_RECURSION = YES;
				CLANG_WARN_INT_CONVERSION = YES;
				CLANG_WARN_NON_LITERAL_NULL_CONVERSION = YES;
				CLANG_WARN_OBJC_IMPLICIT_RETAIN_SELF = YES;
				CLANG_WARN_OBJC_LITERAL_CONVERSION = YES;
				CLANG_WARN_OBJC_ROOT_CLASS = YES_ERROR;
				CLANG_WARN_RANGE_LOOP_ANALYSIS = YES;
				CLANG_WARN_STRICT_PROTOTYPES = YES;
				CLANG_WARN_SUSPICIOUS_MOVE = YES;
				CLANG_WARN_UNGUARDED_AVAILABILITY = YES_AGGRESSIVE;
				CLANG_WARN_UNREACHABLE_CODE = YES;
				CLANG_WARN__DUPLICATE_METHOD_MATCH = YES;
				COPY_PHASE_STRIP = NO;
				DEBUG_INFORMATION_FORMAT = dwarf;
				ENABLE_STRICT_OBJC_MSGSEND = YES;
				ENABLE_TESTABILITY = YES;
				GCC_C_LANGUAGE_STANDARD = gnu11;
				GCC_DYNAMIC_NO_PIC = NO;
				GCC_NO_COMMON_BLOCKS = YES;
				GCC_OPTIMIZATION_LEVEL = 0;
				GCC_PREPROCESSOR_DEFINITIONS = (
					"DEBUG=1",
					"$(inherited)",
				);
				GCC_WARN_64_TO_32_BIT_CONVERSION = YES;
				GCC_WARN_ABOUT_RETURN_TYPE = YES_ERROR;
				GCC_WARN_UNDECLARED_SELECTOR = YES;
				GCC_WARN_UNINITIALIZED_AUTOS = YES_AGGRESSIVE;
				GCC_WARN_UNUSED_FUNCTION = YES;
				GCC_WARN_UNUSED_VARIABLE = YES;
				IPHONEOS_DEPLOYMENT_TARGET = 13.2;
				MTL_ENABLE_DEBUG_INFO = INCLUDE_SOURCE;
				MTL_FAST_MATH = YES;
				ONLY_ACTIVE_ARCH = YES;
				SDKROOT = iphoneos;
				SWIFT_ACTIVE_COMPILATION_CONDITIONS = DEBUG;
				SWIFT_OPTIMIZATION_LEVEL = "-Onone";
			};
			name = Debug;
		};
		7BD8FCA7240FBE6D00754939 /* Release */ = {
			isa = XCBuildConfiguration;
			buildSettings = {
				ALWAYS_SEARCH_USER_PATHS = NO;
				CLANG_ANALYZER_NONNULL = YES;
				CLANG_ANALYZER_NUMBER_OBJECT_CONVERSION = YES_AGGRESSIVE;
				CLANG_CXX_LANGUAGE_STANDARD = "gnu++14";
				CLANG_CXX_LIBRARY = "libc++";
				CLANG_ENABLE_MODULES = YES;
				CLANG_ENABLE_OBJC_ARC = YES;
				CLANG_ENABLE_OBJC_WEAK = YES;
				CLANG_WARN_BLOCK_CAPTURE_AUTORELEASING = YES;
				CLANG_WARN_BOOL_CONVERSION = YES;
				CLANG_WARN_COMMA = YES;
				CLANG_WARN_CONSTANT_CONVERSION = YES;
				CLANG_WARN_DEPRECATED_OBJC_IMPLEMENTATIONS = YES;
				CLANG_WARN_DIRECT_OBJC_ISA_USAGE = YES_ERROR;
				CLANG_WARN_DOCUMENTATION_COMMENTS = YES;
				CLANG_WARN_EMPTY_BODY = YES;
				CLANG_WARN_ENUM_CONVERSION = YES;
				CLANG_WARN_INFINITE_RECURSION = YES;
				CLANG_WARN_INT_CONVERSION = YES;
				CLANG_WARN_NON_LITERAL_NULL_CONVERSION = YES;
				CLANG_WARN_OBJC_IMPLICIT_RETAIN_SELF = YES;
				CLANG_WARN_OBJC_LITERAL_CONVERSION = YES;
				CLANG_WARN_OBJC_ROOT_CLASS = YES_ERROR;
				CLANG_WARN_RANGE_LOOP_ANALYSIS = YES;
				CLANG_WARN_STRICT_PROTOTYPES = YES;
				CLANG_WARN_SUSPICIOUS_MOVE = YES;
				CLANG_WARN_UNGUARDED_AVAILABILITY = YES_AGGRESSIVE;
				CLANG_WARN_UNREACHABLE_CODE = YES;
				CLANG_WARN__DUPLICATE_METHOD_MATCH = YES;
				COPY_PHASE_STRIP = NO;
				DEBUG_INFORMATION_FORMAT = "dwarf-with-dsym";
				ENABLE_NS_ASSERTIONS = NO;
				ENABLE_STRICT_OBJC_MSGSEND = YES;
				GCC_C_LANGUAGE_STANDARD = gnu11;
				GCC_NO_COMMON_BLOCKS = YES;
				GCC_WARN_64_TO_32_BIT_CONVERSION = YES;
				GCC_WARN_ABOUT_RETURN_TYPE = YES_ERROR;
				GCC_WARN_UNDECLARED_SELECTOR = YES;
				GCC_WARN_UNINITIALIZED_AUTOS = YES_AGGRESSIVE;
				GCC_WARN_UNUSED_FUNCTION = YES;
				GCC_WARN_UNUSED_VARIABLE = YES;
				IPHONEOS_DEPLOYMENT_TARGET = 13.2;
				MTL_ENABLE_DEBUG_INFO = NO;
				MTL_FAST_MATH = YES;
				SDKROOT = iphoneos;
				SWIFT_COMPILATION_MODE = wholemodule;
				SWIFT_OPTIMIZATION_LEVEL = "-O";
				VALIDATE_PRODUCT = YES;
			};
			name = Release;
		};
		7BD8FCA9240FBE6D00754939 /* Debug */ = {
			isa = XCBuildConfiguration;
			baseConfigurationReference = D3270605D640586B087DE65E /* Pods-RxProjectDemo.debug.xcconfig */;
			buildSettings = {
				ASSETCATALOG_COMPILER_APPICON_NAME = AppIcon;
				CODE_SIGN_STYLE = Automatic;
				INFOPLIST_FILE = RxProjectDemo/Info.plist;
				LD_RUNPATH_SEARCH_PATHS = (
					"$(inherited)",
					"@executable_path/Frameworks",
				);
				PRODUCT_BUNDLE_IDENTIFIER = com.edu.self.RxProjectDemo;
				PRODUCT_NAME = "$(TARGET_NAME)";
				SWIFT_VERSION = 5.0;
				TARGETED_DEVICE_FAMILY = "1,2";
			};
			name = Debug;
		};
		7BD8FCAA240FBE6D00754939 /* Release */ = {
			isa = XCBuildConfiguration;
			baseConfigurationReference = 9AF03BF60551D6A983EBA335 /* Pods-RxProjectDemo.release.xcconfig */;
			buildSettings = {
				ASSETCATALOG_COMPILER_APPICON_NAME = AppIcon;
				CODE_SIGN_STYLE = Automatic;
				INFOPLIST_FILE = RxProjectDemo/Info.plist;
				LD_RUNPATH_SEARCH_PATHS = (
					"$(inherited)",
					"@executable_path/Frameworks",
				);
				PRODUCT_BUNDLE_IDENTIFIER = com.edu.self.RxProjectDemo;
				PRODUCT_NAME = "$(TARGET_NAME)";
				SWIFT_VERSION = 5.0;
				TARGETED_DEVICE_FAMILY = "1,2";
			};
			name = Release;
		};
		7BD8FCAC240FBE6D00754939 /* Debug */ = {
			isa = XCBuildConfiguration;
			baseConfigurationReference = D5EEC929A7A8D62D4AFBB545 /* Pods-RxProjectDemoTests.debug.xcconfig */;
			buildSettings = {
				ALWAYS_EMBED_SWIFT_STANDARD_LIBRARIES = YES;
				BUNDLE_LOADER = "$(TEST_HOST)";
				CODE_SIGN_STYLE = Automatic;
				INFOPLIST_FILE = RxProjectDemoTests/Info.plist;
				IPHONEOS_DEPLOYMENT_TARGET = 13.2;
				LD_RUNPATH_SEARCH_PATHS = (
					"$(inherited)",
					"@executable_path/Frameworks",
					"@loader_path/Frameworks",
				);
				PRODUCT_BUNDLE_IDENTIFIER = com.edu.self.RxProjectDemoTests;
				PRODUCT_NAME = "$(TARGET_NAME)";
				SWIFT_VERSION = 5.0;
				TARGETED_DEVICE_FAMILY = "1,2";
				TEST_HOST = "$(BUILT_PRODUCTS_DIR)/RxProjectDemo.app/RxProjectDemo";
			};
			name = Debug;
		};
		7BD8FCAD240FBE6D00754939 /* Release */ = {
			isa = XCBuildConfiguration;
			baseConfigurationReference = C4ABCF8E05B7C1565B08795D /* Pods-RxProjectDemoTests.release.xcconfig */;
			buildSettings = {
				ALWAYS_EMBED_SWIFT_STANDARD_LIBRARIES = YES;
				BUNDLE_LOADER = "$(TEST_HOST)";
				CODE_SIGN_STYLE = Automatic;
				INFOPLIST_FILE = RxProjectDemoTests/Info.plist;
				IPHONEOS_DEPLOYMENT_TARGET = 13.2;
				LD_RUNPATH_SEARCH_PATHS = (
					"$(inherited)",
					"@executable_path/Frameworks",
					"@loader_path/Frameworks",
				);
				PRODUCT_BUNDLE_IDENTIFIER = com.edu.self.RxProjectDemoTests;
				PRODUCT_NAME = "$(TARGET_NAME)";
				SWIFT_VERSION = 5.0;
				TARGETED_DEVICE_FAMILY = "1,2";
				TEST_HOST = "$(BUILT_PRODUCTS_DIR)/RxProjectDemo.app/RxProjectDemo";
			};
			name = Release;
		};
/* End XCBuildConfiguration section */

/* Begin XCConfigurationList section */
		7BD8FC84240FBE6A00754939 /* Build configuration list for PBXProject "RxProjectDemo" */ = {
			isa = XCConfigurationList;
			buildConfigurations = (
				7BD8FCA6240FBE6D00754939 /* Debug */,
				7BD8FCA7240FBE6D00754939 /* Release */,
			);
			defaultConfigurationIsVisible = 0;
			defaultConfigurationName = Release;
		};
		7BD8FCA8240FBE6D00754939 /* Build configuration list for PBXNativeTarget "RxProjectDemo" */ = {
			isa = XCConfigurationList;
			buildConfigurations = (
				7BD8FCA9240FBE6D00754939 /* Debug */,
				7BD8FCAA240FBE6D00754939 /* Release */,
			);
			defaultConfigurationIsVisible = 0;
			defaultConfigurationName = Release;
		};
		7BD8FCAB240FBE6D00754939 /* Build configuration list for PBXNativeTarget "RxProjectDemoTests" */ = {
			isa = XCConfigurationList;
			buildConfigurations = (
				7BD8FCAC240FBE6D00754939 /* Debug */,
				7BD8FCAD240FBE6D00754939 /* Release */,
			);
			defaultConfigurationIsVisible = 0;
			defaultConfigurationName = Release;
		};
/* End XCConfigurationList section */
	};
	rootObject = 7BD8FC81240FBE6A00754939 /* Project object */;
}
