// !$*UTF8*$!
{
	archiveVersion = 1;
	classes = {
	};
	objectVersion = 50;
	objects = {

/* Begin PBXBuildFile section */
		7B64D8EA22FADDD50011D35D /* RestaurantDetailsViewController.swift in Sources */ = {isa = PBXBuildFile; fileRef = 7B64D8E922FADDD50011D35D /* RestaurantDetailsViewController.swift */; };
		7B64D8EC22FC31CB0011D35D /* Restaurant.swift in Sources */ = {isa = PBXBuildFile; fileRef = 7B64D8EB22FC31CB0011D35D /* Restaurant.swift */; };
		7BAB6BE622DD33EF003D822E /* AppDelegate.swift in Sources */ = {isa = PBXBuildFile; fileRef = 7BAB6BE522DD33EF003D822E /* AppDelegate.swift */; };
		7BAB6BEB22DD33EF003D822E /* Main.storyboard in Resources */ = {isa = PBXBuildFile; fileRef = 7BAB6BE922DD33EF003D822E /* Main.storyboard */; };
		7BAB6BED22DD33F1003D822E /* Assets.xcassets in Resources */ = {isa = PBXBuildFile; fileRef = 7BAB6BEC22DD33F1003D822E /* Assets.xcassets */; };
		7BAB6BF022DD33F1003D822E /* LaunchScreen.storyboard in Resources */ = {isa = PBXBuildFile; fileRef = 7BAB6BEE22DD33F1003D822E /* LaunchScreen.storyboard */; };
		7BAB6BF822DD3749003D822E /* RestaurantTableViewController.swift in Sources */ = {isa = PBXBuildFile; fileRef = 7BAB6BF722DD3749003D822E /* RestaurantTableViewController.swift */; };
		7BEC81BF22ED900200467835 /* RestaurantTableViewCell.swift in Sources */ = {isa = PBXBuildFile; fileRef = 7BEC81BE22ED900200467835 /* RestaurantTableViewCell.swift */; };
/* End PBXBuildFile section */

/* Begin PBXFileReference section */
		7B64D8E922FADDD50011D35D /* RestaurantDetailsViewController.swift */ = {isa = PBXFileReference; lastKnownFileType = sourcecode.swift; path = RestaurantDetailsViewController.swift; sourceTree = "<group>"; };
		7B64D8EB22FC31CB0011D35D /* Restaurant.swift */ = {isa = PBXFileReference; lastKnownFileType = sourcecode.swift; path = Restaurant.swift; sourceTree = "<group>"; };
		7BAB6BE222DD33EF003D822E /* FoodPinS.app */ = {isa = PBXFileReference; explicitFileType = wrapper.application; includeInIndex = 0; path = FoodPinS.app; sourceTree = BUILT_PRODUCTS_DIR; };
		7BAB6BE522DD33EF003D822E /* AppDelegate.swift */ = {isa = PBXFileReference; lastKnownFileType = sourcecode.swift; path = AppDelegate.swift; sourceTree = "<group>"; };
		7BAB6BEA22DD33EF003D822E /* Base */ = {isa = PBXFileReference; lastKnownFileType = file.storyboard; name = Base; path = Base.lproj/Main.storyboard; sourceTree = "<group>"; };
		7BAB6BEC22DD33F1003D822E /* Assets.xcassets */ = {isa = PBXFileReference; lastKnownFileType = folder.assetcatalog; path = Assets.xcassets; sourceTree = "<group>"; };
		7BAB6BEF22DD33F1003D822E /* Base */ = {isa = PBXFileReference; lastKnownFileType = file.storyboard; name = Base; path = Base.lproj/LaunchScreen.storyboard; sourceTree = "<group>"; };
		7BAB6BF122DD33F1003D822E /* Info.plist */ = {isa = PBXFileReference; lastKnownFileType = text.plist.xml; path = Info.plist; sourceTree = "<group>"; };
		7BAB6BF722DD3749003D822E /* RestaurantTableViewController.swift */ = {isa = PBXFileReference; lastKnownFileType = sourcecode.swift; path = RestaurantTableViewController.swift; sourceTree = "<group>"; };
		7BEC81BE22ED900200467835 /* RestaurantTableViewCell.swift */ = {isa = PBXFileReference; lastKnownFileType = sourcecode.swift; path = RestaurantTableViewCell.swift; sourceTree = "<group>"; };
/* End PBXFileReference section */

/* Begin PBXFrameworksBuildPhase section */
		7BAB6BDF22DD33EF003D822E /* Frameworks */ = {
			isa = PBXFrameworksBuildPhase;
			buildActionMask = 2147483647;
			files = (
			);
			runOnlyForDeploymentPostprocessing = 0;
		};
/* End PBXFrameworksBuildPhase section */

/* Begin PBXGroup section */
		7B64D8ED22FC3FA80011D35D /* Controller */ = {
			isa = PBXGroup;
			children = (
				7BAB6BF722DD3749003D822E /* RestaurantTableViewController.swift */,
				7B64D8E922FADDD50011D35D /* RestaurantDetailsViewController.swift */,
			);
			path = Controller;
			sourceTree = "<group>";
		};
		7B64D8EE22FC3FCA0011D35D /* Model */ = {
			isa = PBXGroup;
			children = (
				7B64D8EB22FC31CB0011D35D /* Restaurant.swift */,
			);
			path = Model;
			sourceTree = "<group>";
		};
		7B64D8EF22FC3FDF0011D35D /* View */ = {
			isa = PBXGroup;
			children = (
				7BEC81BE22ED900200467835 /* RestaurantTableViewCell.swift */,
			);
			path = View;
			sourceTree = "<group>";
		};
		7B64D8F022FC3FEC0011D35D /* StoryBord */ = {
			isa = PBXGroup;
			children = (
				7BAB6BE922DD33EF003D822E /* Main.storyboard */,
				7BAB6BEE22DD33F1003D822E /* LaunchScreen.storyboard */,
			);
			path = StoryBord;
			sourceTree = "<group>";
		};
		7BAB6BD922DD33EF003D822E = {
			isa = PBXGroup;
			children = (
				7BAB6BE422DD33EF003D822E /* FoodPinS */,
				7BAB6BE322DD33EF003D822E /* Products */,
			);
			sourceTree = "<group>";
		};
		7BAB6BE322DD33EF003D822E /* Products */ = {
			isa = PBXGroup;
			children = (
				7BAB6BE222DD33EF003D822E /* FoodPinS.app */,
			);
			name = Products;
			sourceTree = "<group>";
		};
		7BAB6BE422DD33EF003D822E /* FoodPinS */ = {
			isa = PBXGroup;
			children = (
				7B64D8F022FC3FEC0011D35D /* StoryBord */,
				7B64D8EF22FC3FDF0011D35D /* View */,
				7B64D8EE22FC3FCA0011D35D /* Model */,
				7B64D8ED22FC3FA80011D35D /* Controller */,
				7BAB6BE522DD33EF003D822E /* AppDelegate.swift */,
				7BAB6BEC22DD33F1003D822E /* Assets.xcassets */,
				7BAB6BF122DD33F1003D822E /* Info.plist */,
			);
			path = FoodPinS;
			sourceTree = "<group>";
		};
/* End PBXGroup section */

/* Begin PBXNativeTarget section */
		7BAB6BE122DD33EF003D822E /* FoodPinS */ = {
			isa = PBXNativeTarget;
			buildConfigurationList = 7BAB6BF422DD33F1003D822E /* Build configuration list for PBXNativeTarget "FoodPinS" */;
			buildPhases = (
				7BAB6BDE22DD33EF003D822E /* Sources */,
				7BAB6BDF22DD33EF003D822E /* Frameworks */,
				7BAB6BE022DD33EF003D822E /* Resources */,
			);
			buildRules = (
			);
			dependencies = (
			);
			name = FoodPinS;
			productName = FoodPinS;
			productReference = 7BAB6BE222DD33EF003D822E /* FoodPinS.app */;
			productType = "com.apple.product-type.application";
		};
/* End PBXNativeTarget section */

/* Begin PBXProject section */
		7BAB6BDA22DD33EF003D822E /* Project object */ = {
			isa = PBXProject;
			attributes = {
				LastSwiftUpdateCheck = 1020;
				LastUpgradeCheck = 1020;
				ORGANIZATIONNAME = diana;
				TargetAttributes = {
					7BAB6BE122DD33EF003D822E = {
						CreatedOnToolsVersion = 10.2.1;
					};
				};
			};
			buildConfigurationList = 7BAB6BDD22DD33EF003D822E /* Build configuration list for PBXProject "FoodPinS" */;
			compatibilityVersion = "Xcode 9.3";
			developmentRegion = en;
			hasScannedForEncodings = 0;
			knownRegions = (
				en,
				Base,
			);
			mainGroup = 7BAB6BD922DD33EF003D822E;
			productRefGroup = 7BAB6BE322DD33EF003D822E /* Products */;
			projectDirPath = "";
			projectRoot = "";
			targets = (
				7BAB6BE122DD33EF003D822E /* FoodPinS */,
			);
		};
/* End PBXProject section */

/* Begin PBXResourcesBuildPhase section */
		7BAB6BE022DD33EF003D822E /* Resources */ = {
			isa = PBXResourcesBuildPhase;
			buildActionMask = 2147483647;
			files = (
				7BAB6BF022DD33F1003D822E /* LaunchScreen.storyboard in Resources */,
				7BAB6BED22DD33F1003D822E /* Assets.xcassets in Resources */,
				7BAB6BEB22DD33EF003D822E /* Main.storyboard in Resources */,
			);
			runOnlyForDeploymentPostprocessing = 0;
		};
/* End PBXResourcesBuildPhase section */

/* Begin PBXSourcesBuildPhase section */
		7BAB6BDE22DD33EF003D822E /* Sources */ = {
			isa = PBXSourcesBuildPhase;
			buildActionMask = 2147483647;
			files = (
				7B64D8EC22FC31CB0011D35D /* Restaurant.swift in Sources */,
				7BAB6BF822DD3749003D822E /* RestaurantTableViewController.swift in Sources */,
				7BEC81BF22ED900200467835 /* RestaurantTableViewCell.swift in Sources */,
				7B64D8EA22FADDD50011D35D /* RestaurantDetailsViewController.swift in Sources */,
				7BAB6BE622DD33EF003D822E /* AppDelegate.swift in Sources */,
			);
			runOnlyForDeploymentPostprocessing = 0;
		};
/* End PBXSourcesBuildPhase section */

/* Begin PBXVariantGroup section */
		7BAB6BE922DD33EF003D822E /* Main.storyboard */ = {
			isa = PBXVariantGroup;
			children = (
				7BAB6BEA22DD33EF003D822E /* Base */,
			);
			name = Main.storyboard;
			sourceTree = "<group>";
		};
		7BAB6BEE22DD33F1003D822E /* LaunchScreen.storyboard */ = {
			isa = PBXVariantGroup;
			children = (
				7BAB6BEF22DD33F1003D822E /* Base */,
			);
			name = LaunchScreen.storyboard;
			sourceTree = "<group>";
		};
/* End PBXVariantGroup section */

/* Begin XCBuildConfiguration section */
		7BAB6BF222DD33F1003D822E /* Debug */ = {
			isa = XCBuildConfiguration;
			buildSettings = {
				ALWAYS_SEARCH_USER_PATHS = NO;
				CLANG_ANALYZER_NONNULL = YES;
				CLANG_ANALYZER_NUMBER_OBJECT_CONVERSION = YES_AGGRESSIVE;
				CLANG_CXX_LANGUAGE_STANDARD = "gnu++14";
				CLANG_CXX_LIBRARY = "libc++";
				CLANG_ENABLE_MODULES = YES;
				CLANG_ENABLE_OBJC_ARC = YES;
				CLANG_ENABLE_OBJC_WEAK = YES;
				CLANG_WARN_BLOCK_CAPTURE_AUTORELEASING = YES;
				CLANG_WARN_BOOL_CONVERSION = YES;
				CLANG_WARN_COMMA = YES;
				CLANG_WARN_CONSTANT_CONVERSION = YES;
				CLANG_WARN_DEPRECATED_OBJC_IMPLEMENTATIONS = YES;
				CLANG_WARN_DIRECT_OBJC_ISA_USAGE = YES_ERROR;
				CLANG_WARN_DOCUMENTATION_COMMENTS = YES;
				CLANG_WARN_EMPTY_BODY = YES;
				CLANG_WARN_ENUM_CONVERSION = YES;
				CLANG_WARN_INFINITE_RECURSION = YES;
				CLANG_WARN_INT_CONVERSION = YES;
				CLANG_WARN_NON_LITERAL_NULL_CONVERSION = YES;
				CLANG_WARN_OBJC_IMPLICIT_RETAIN_SELF = YES;
				CLANG_WARN_OBJC_LITERAL_CONVERSION = YES;
				CLANG_WARN_OBJC_ROOT_CLASS = YES_ERROR;
				CLANG_WARN_RANGE_LOOP_ANALYSIS = YES;
				CLANG_WARN_STRICT_PROTOTYPES = YES;
				CLANG_WARN_SUSPICIOUS_MOVE = YES;
				CLANG_WARN_UNGUARDED_AVAILABILITY = YES_AGGRESSIVE;
				CLANG_WARN_UNREACHABLE_CODE = YES;
				CLANG_WARN__DUPLICATE_METHOD_MATCH = YES;
				CODE_SIGN_IDENTITY = "iPhone Developer";
				COPY_PHASE_STRIP = NO;
				DEBUG_INFORMATION_FORMAT = dwarf;
				ENABLE_STRICT_OBJC_MSGSEND = YES;
				ENABLE_TESTABILITY = YES;
				GCC_C_LANGUAGE_STANDARD = gnu11;
				GCC_DYNAMIC_NO_PIC = NO;
				GCC_NO_COMMON_BLOCKS = YES;
				GCC_OPTIMIZATION_LEVEL = 0;
				GCC_PREPROCESSOR_DEFINITIONS = (
					"DEBUG=1",
					"$(inherited)",
				);
				GCC_WARN_64_TO_32_BIT_CONVERSION = YES;
				GCC_WARN_ABOUT_RETURN_TYPE = YES_ERROR;
				GCC_WARN_UNDECLARED_SELECTOR = YES;
				GCC_WARN_UNINITIALIZED_AUTOS = YES_AGGRESSIVE;
				GCC_WARN_UNUSED_FUNCTION = YES;
				GCC_WARN_UNUSED_VARIABLE = YES;
				IPHONEOS_DEPLOYMENT_TARGET = 12.2;
				MTL_ENABLE_DEBUG_INFO = INCLUDE_SOURCE;
				MTL_FAST_MATH = YES;
				ONLY_ACTIVE_ARCH = YES;
				SDKROOT = iphoneos;
				SWIFT_ACTIVE_COMPILATION_CONDITIONS = DEBUG;
				SWIFT_OPTIMIZATION_LEVEL = "-Onone";
			};
			name = Debug;
		};
		7BAB6BF322DD33F1003D822E /* Release */ = {
			isa = XCBuildConfiguration;
			buildSettings = {
				ALWAYS_SEARCH_USER_PATHS = NO;
				CLANG_ANALYZER_NONNULL = YES;
				CLANG_ANALYZER_NUMBER_OBJECT_CONVERSION = YES_AGGRESSIVE;
				CLANG_CXX_LANGUAGE_STANDARD = "gnu++14";
				CLANG_CXX_LIBRARY = "libc++";
				CLANG_ENABLE_MODULES = YES;
				CLANG_ENABLE_OBJC_ARC = YES;
				CLANG_ENABLE_OBJC_WEAK = YES;
				CLANG_WARN_BLOCK_CAPTURE_AUTORELEASING = YES;
				CLANG_WARN_BOOL_CONVERSION = YES;
				CLANG_WARN_COMMA = YES;
				CLANG_WARN_CONSTANT_CONVERSION = YES;
				CLANG_WARN_DEPRECATED_OBJC_IMPLEMENTATIONS = YES;
				CLANG_WARN_DIRECT_OBJC_ISA_USAGE = YES_ERROR;
				CLANG_WARN_DOCUMENTATION_COMMENTS = YES;
				CLANG_WARN_EMPTY_BODY = YES;
				CLANG_WARN_ENUM_CONVERSION = YES;
				CLANG_WARN_INFINITE_RECURSION = YES;
				CLANG_WARN_INT_CONVERSION = YES;
				CLANG_WARN_NON_LITERAL_NULL_CONVERSION = YES;
				CLANG_WARN_OBJC_IMPLICIT_RETAIN_SELF = YES;
				CLANG_WARN_OBJC_LITERAL_CONVERSION = YES;
				CLANG_WARN_OBJC_ROOT_CLASS = YES_ERROR;
				CLANG_WARN_RANGE_LOOP_ANALYSIS = YES;
				CLANG_WARN_STRICT_PROTOTYPES = YES;
				CLANG_WARN_SUSPICIOUS_MOVE = YES;
				CLANG_WARN_UNGUARDED_AVAILABILITY = YES_AGGRESSIVE;
				CLANG_WARN_UNREACHABLE_CODE = YES;
				CLANG_WARN__DUPLICATE_METHOD_MATCH = YES;
				CODE_SIGN_IDENTITY = "iPhone Developer";
				COPY_PHASE_STRIP = NO;
				DEBUG_INFORMATION_FORMAT = "dwarf-with-dsym";
				ENABLE_NS_ASSERTIONS = NO;
				ENABLE_STRICT_OBJC_MSGSEND = YES;
				GCC_C_LANGUAGE_STANDARD = gnu11;
				GCC_NO_COMMON_BLOCKS = YES;
				GCC_WARN_64_TO_32_BIT_CONVERSION = YES;
				GCC_WARN_ABOUT_RETURN_TYPE = YES_ERROR;
				GCC_WARN_UNDECLARED_SELECTOR = YES;
				GCC_WARN_UNINITIALIZED_AUTOS = YES_AGGRESSIVE;
				GCC_WARN_UNUSED_FUNCTION = YES;
				GCC_WARN_UNUSED_VARIABLE = YES;
				IPHONEOS_DEPLOYMENT_TARGET = 12.2;
				MTL_ENABLE_DEBUG_INFO = NO;
				MTL_FAST_MATH = YES;
				SDKROOT = iphoneos;
				SWIFT_COMPILATION_MODE = wholemodule;
				SWIFT_OPTIMIZATION_LEVEL = "-O";
				VALIDATE_PRODUCT = YES;
			};
			name = Release;
		};
		7BAB6BF522DD33F1003D822E /* Debug */ = {
			isa = XCBuildConfiguration;
			buildSettings = {
				ASSETCATALOG_COMPILER_APPICON_NAME = AppIcon;
				CODE_SIGN_STYLE = Automatic;
				INFOPLIST_FILE = FoodPinS/Info.plist;
				LD_RUNPATH_SEARCH_PATHS = (
					"$(inherited)",
					"@executable_path/Frameworks",
				);
				PRODUCT_BUNDLE_IDENTIFIER = edu.self.FoodPinS;
				PRODUCT_NAME = "$(TARGET_NAME)";
				SWIFT_VERSION = 5.0;
				TARGETED_DEVICE_FAMILY = "1,2";
			};
			name = Debug;
		};
		7BAB6BF622DD33F1003D822E /* Release */ = {
			isa = XCBuildConfiguration;
			buildSettings = {
				ASSETCATALOG_COMPILER_APPICON_NAME = AppIcon;
				CODE_SIGN_STYLE = Automatic;
				INFOPLIST_FILE = FoodPinS/Info.plist;
				LD_RUNPATH_SEARCH_PATHS = (
					"$(inherited)",
					"@executable_path/Frameworks",
				);
				PRODUCT_BUNDLE_IDENTIFIER = edu.self.FoodPinS;
				PRODUCT_NAME = "$(TARGET_NAME)";
				SWIFT_VERSION = 5.0;
				TARGETED_DEVICE_FAMILY = "1,2";
			};
			name = Release;
		};
/* End XCBuildConfiguration section */

/* Begin XCConfigurationList section */
		7BAB6BDD22DD33EF003D822E /* Build configuration list for PBXProject "FoodPinS" */ = {
			isa = XCConfigurationList;
			buildConfigurations = (
				7BAB6BF222DD33F1003D822E /* Debug */,
				7BAB6BF322DD33F1003D822E /* Release */,
			);
			defaultConfigurationIsVisible = 0;
			defaultConfigurationName = Release;
		};
		7BAB6BF422DD33F1003D822E /* Build configuration list for PBXNativeTarget "FoodPinS" */ = {
			isa = XCConfigurationList;
			buildConfigurations = (
				7BAB6BF522DD33F1003D822E /* Debug */,
				7BAB6BF622DD33F1003D822E /* Release */,
			);
			defaultConfigurationIsVisible = 0;
			defaultConfigurationName = Release;
		};
/* End XCConfigurationList section */
	};
	rootObject = 7BAB6BDA22DD33EF003D822E /* Project object */;
}
