// !$*UTF8*$!
{
	archiveVersion = 1;
	classes = {
	};
	objectVersion = 50;
	objects = {

/* Begin PBXBuildFile section */
		7B1D4E9522CE0D1600D93212 /* RestaurantTableViewController.swift in Sources */ = {isa = PBXBuildFile; fileRef = 7B1D4E9422CE0D1600D93212 /* RestaurantTableViewController.swift */; };
		7B1D4E9722CE1B1600D93212 /* RestaurantTableViewCell.swift in Sources */ = {isa = PBXBuildFile; fileRef = 7B1D4E9622CE1B1600D93212 /* RestaurantTableViewCell.swift */; };
		7B5F8FDD22CD71A800EDCD00 /* AppDelegate.swift in Sources */ = {isa = PBXBuildFile; fileRef = 7B5F8FDC22CD71A800EDCD00 /* AppDelegate.swift */; };
		7B5F8FE222CD71A800EDCD00 /* Main.storyboard in Resources */ = {isa = PBXBuildFile; fileRef = 7B5F8FE022CD71A800EDCD00 /* Main.storyboard */; };
		7B5F8FE422CD71A900EDCD00 /* Assets.xcassets in Resources */ = {isa = PBXBuildFile; fileRef = 7B5F8FE322CD71A900EDCD00 /* Assets.xcassets */; };
		7B5F8FE722CD71A900EDCD00 /* LaunchScreen.storyboard in Resources */ = {isa = PBXBuildFile; fileRef = 7B5F8FE522CD71A900EDCD00 /* LaunchScreen.storyboard */; };
		7B5F8FF222CD71A900EDCD00 /* FoodPinTests.swift in Sources */ = {isa = PBXBuildFile; fileRef = 7B5F8FF122CD71A900EDCD00 /* FoodPinTests.swift */; };
		7B5F8FFD22CD71A900EDCD00 /* FoodPinUITests.swift in Sources */ = {isa = PBXBuildFile; fileRef = 7B5F8FFC22CD71A900EDCD00 /* FoodPinUITests.swift */; };
		7B75842222D49ECD006AAA88 /* AdsTableViewCell.swift in Sources */ = {isa = PBXBuildFile; fileRef = 7B75842122D49ECD006AAA88 /* AdsTableViewCell.swift */; };
/* End PBXBuildFile section */

/* Begin PBXContainerItemProxy section */
		7B5F8FEE22CD71A900EDCD00 /* PBXContainerItemProxy */ = {
			isa = PBXContainerItemProxy;
			containerPortal = 7B5F8FD122CD71A800EDCD00 /* Project object */;
			proxyType = 1;
			remoteGlobalIDString = 7B5F8FD822CD71A800EDCD00;
			remoteInfo = FoodPin;
		};
		7B5F8FF922CD71A900EDCD00 /* PBXContainerItemProxy */ = {
			isa = PBXContainerItemProxy;
			containerPortal = 7B5F8FD122CD71A800EDCD00 /* Project object */;
			proxyType = 1;
			remoteGlobalIDString = 7B5F8FD822CD71A800EDCD00;
			remoteInfo = FoodPin;
		};
/* End PBXContainerItemProxy section */

/* Begin PBXFileReference section */
		7B1D4E9422CE0D1600D93212 /* RestaurantTableViewController.swift */ = {isa = PBXFileReference; lastKnownFileType = sourcecode.swift; path = RestaurantTableViewController.swift; sourceTree = "<group>"; };
		7B1D4E9622CE1B1600D93212 /* RestaurantTableViewCell.swift */ = {isa = PBXFileReference; lastKnownFileType = sourcecode.swift; path = RestaurantTableViewCell.swift; sourceTree = "<group>"; };
		7B5F8FD922CD71A800EDCD00 /* FoodPin.app */ = {isa = PBXFileReference; explicitFileType = wrapper.application; includeInIndex = 0; path = FoodPin.app; sourceTree = BUILT_PRODUCTS_DIR; };
		7B5F8FDC22CD71A800EDCD00 /* AppDelegate.swift */ = {isa = PBXFileReference; lastKnownFileType = sourcecode.swift; path = AppDelegate.swift; sourceTree = "<group>"; };
		7B5F8FE122CD71A800EDCD00 /* Base */ = {isa = PBXFileReference; lastKnownFileType = file.storyboard; name = Base; path = Base.lproj/Main.storyboard; sourceTree = "<group>"; };
		7B5F8FE322CD71A900EDCD00 /* Assets.xcassets */ = {isa = PBXFileReference; lastKnownFileType = folder.assetcatalog; path = Assets.xcassets; sourceTree = "<group>"; };
		7B5F8FE622CD71A900EDCD00 /* Base */ = {isa = PBXFileReference; lastKnownFileType = file.storyboard; name = Base; path = Base.lproj/LaunchScreen.storyboard; sourceTree = "<group>"; };
		7B5F8FE822CD71A900EDCD00 /* Info.plist */ = {isa = PBXFileReference; lastKnownFileType = text.plist.xml; path = Info.plist; sourceTree = "<group>"; };
		7B5F8FED22CD71A900EDCD00 /* FoodPinTests.xctest */ = {isa = PBXFileReference; explicitFileType = wrapper.cfbundle; includeInIndex = 0; path = FoodPinTests.xctest; sourceTree = BUILT_PRODUCTS_DIR; };
		7B5F8FF122CD71A900EDCD00 /* FoodPinTests.swift */ = {isa = PBXFileReference; lastKnownFileType = sourcecode.swift; path = FoodPinTests.swift; sourceTree = "<group>"; };
		7B5F8FF322CD71A900EDCD00 /* Info.plist */ = {isa = PBXFileReference; lastKnownFileType = text.plist.xml; path = Info.plist; sourceTree = "<group>"; };
		7B5F8FF822CD71A900EDCD00 /* FoodPinUITests.xctest */ = {isa = PBXFileReference; explicitFileType = wrapper.cfbundle; includeInIndex = 0; path = FoodPinUITests.xctest; sourceTree = BUILT_PRODUCTS_DIR; };
		7B5F8FFC22CD71A900EDCD00 /* FoodPinUITests.swift */ = {isa = PBXFileReference; lastKnownFileType = sourcecode.swift; path = FoodPinUITests.swift; sourceTree = "<group>"; };
		7B5F8FFE22CD71A900EDCD00 /* Info.plist */ = {isa = PBXFileReference; lastKnownFileType = text.plist.xml; path = Info.plist; sourceTree = "<group>"; };
		7B75842122D49ECD006AAA88 /* AdsTableViewCell.swift */ = {isa = PBXFileReference; lastKnownFileType = sourcecode.swift; path = AdsTableViewCell.swift; sourceTree = "<group>"; };
/* End PBXFileReference section */

/* Begin PBXFrameworksBuildPhase section */
		7B5F8FD622CD71A800EDCD00 /* Frameworks */ = {
			isa = PBXFrameworksBuildPhase;
			buildActionMask = 2147483647;
			files = (
			);
			runOnlyForDeploymentPostprocessing = 0;
		};
		7B5F8FEA22CD71A900EDCD00 /* Frameworks */ = {
			isa = PBXFrameworksBuildPhase;
			buildActionMask = 2147483647;
			files = (
			);
			runOnlyForDeploymentPostprocessing = 0;
		};
		7B5F8FF522CD71A900EDCD00 /* Frameworks */ = {
			isa = PBXFrameworksBuildPhase;
			buildActionMask = 2147483647;
			files = (
			);
			runOnlyForDeploymentPostprocessing = 0;
		};
/* End PBXFrameworksBuildPhase section */

/* Begin PBXGroup section */
		7B5F8FD022CD71A800EDCD00 = {
			isa = PBXGroup;
			children = (
				7B5F8FDB22CD71A800EDCD00 /* FoodPin */,
				7B5F8FF022CD71A900EDCD00 /* FoodPinTests */,
				7B5F8FFB22CD71A900EDCD00 /* FoodPinUITests */,
				7B5F8FDA22CD71A800EDCD00 /* Products */,
			);
			sourceTree = "<group>";
		};
		7B5F8FDA22CD71A800EDCD00 /* Products */ = {
			isa = PBXGroup;
			children = (
				7B5F8FD922CD71A800EDCD00 /* FoodPin.app */,
				7B5F8FED22CD71A900EDCD00 /* FoodPinTests.xctest */,
				7B5F8FF822CD71A900EDCD00 /* FoodPinUITests.xctest */,
			);
			name = Products;
			sourceTree = "<group>";
		};
		7B5F8FDB22CD71A800EDCD00 /* FoodPin */ = {
			isa = PBXGroup;
			children = (
				7B5F8FDC22CD71A800EDCD00 /* AppDelegate.swift */,
				7B5F8FE022CD71A800EDCD00 /* Main.storyboard */,
				7B5F8FE322CD71A900EDCD00 /* Assets.xcassets */,
				7B5F8FE522CD71A900EDCD00 /* LaunchScreen.storyboard */,
				7B5F8FE822CD71A900EDCD00 /* Info.plist */,
				7B1D4E9422CE0D1600D93212 /* RestaurantTableViewController.swift */,
				7B1D4E9622CE1B1600D93212 /* RestaurantTableViewCell.swift */,
				7B75842122D49ECD006AAA88 /* AdsTableViewCell.swift */,
			);
			path = FoodPin;
			sourceTree = "<group>";
		};
		7B5F8FF022CD71A900EDCD00 /* FoodPinTests */ = {
			isa = PBXGroup;
			children = (
				7B5F8FF122CD71A900EDCD00 /* FoodPinTests.swift */,
				7B5F8FF322CD71A900EDCD00 /* Info.plist */,
			);
			path = FoodPinTests;
			sourceTree = "<group>";
		};
		7B5F8FFB22CD71A900EDCD00 /* FoodPinUITests */ = {
			isa = PBXGroup;
			children = (
				7B5F8FFC22CD71A900EDCD00 /* FoodPinUITests.swift */,
				7B5F8FFE22CD71A900EDCD00 /* Info.plist */,
			);
			path = FoodPinUITests;
			sourceTree = "<group>";
		};
/* End PBXGroup section */

/* Begin PBXNativeTarget section */
		7B5F8FD822CD71A800EDCD00 /* FoodPin */ = {
			isa = PBXNativeTarget;
			buildConfigurationList = 7B5F900122CD71A900EDCD00 /* Build configuration list for PBXNativeTarget "FoodPin" */;
			buildPhases = (
				7B5F8FD522CD71A800EDCD00 /* Sources */,
				7B5F8FD622CD71A800EDCD00 /* Frameworks */,
				7B5F8FD722CD71A800EDCD00 /* Resources */,
			);
			buildRules = (
			);
			dependencies = (
			);
			name = FoodPin;
			productName = FoodPin;
			productReference = 7B5F8FD922CD71A800EDCD00 /* FoodPin.app */;
			productType = "com.apple.product-type.application";
		};
		7B5F8FEC22CD71A900EDCD00 /* FoodPinTests */ = {
			isa = PBXNativeTarget;
			buildConfigurationList = 7B5F900422CD71A900EDCD00 /* Build configuration list for PBXNativeTarget "FoodPinTests" */;
			buildPhases = (
				7B5F8FE922CD71A900EDCD00 /* Sources */,
				7B5F8FEA22CD71A900EDCD00 /* Frameworks */,
				7B5F8FEB22CD71A900EDCD00 /* Resources */,
			);
			buildRules = (
			);
			dependencies = (
				7B5F8FEF22CD71A900EDCD00 /* PBXTargetDependency */,
			);
			name = FoodPinTests;
			productName = FoodPinTests;
			productReference = 7B5F8FED22CD71A900EDCD00 /* FoodPinTests.xctest */;
			productType = "com.apple.product-type.bundle.unit-test";
		};
		7B5F8FF722CD71A900EDCD00 /* FoodPinUITests */ = {
			isa = PBXNativeTarget;
			buildConfigurationList = 7B5F900722CD71A900EDCD00 /* Build configuration list for PBXNativeTarget "FoodPinUITests" */;
			buildPhases = (
				7B5F8FF422CD71A900EDCD00 /* Sources */,
				7B5F8FF522CD71A900EDCD00 /* Frameworks */,
				7B5F8FF622CD71A900EDCD00 /* Resources */,
			);
			buildRules = (
			);
			dependencies = (
				7B5F8FFA22CD71A900EDCD00 /* PBXTargetDependency */,
			);
			name = FoodPinUITests;
			productName = FoodPinUITests;
			productReference = 7B5F8FF822CD71A900EDCD00 /* FoodPinUITests.xctest */;
			productType = "com.apple.product-type.bundle.ui-testing";
		};
/* End PBXNativeTarget section */

/* Begin PBXProject section */
		7B5F8FD122CD71A800EDCD00 /* Project object */ = {
			isa = PBXProject;
			attributes = {
				LastSwiftUpdateCheck = 1020;
				LastUpgradeCheck = 1020;
				ORGANIZATIONNAME = diana;
				TargetAttributes = {
					7B5F8FD822CD71A800EDCD00 = {
						CreatedOnToolsVersion = 10.2.1;
					};
					7B5F8FEC22CD71A900EDCD00 = {
						CreatedOnToolsVersion = 10.2.1;
						TestTargetID = 7B5F8FD822CD71A800EDCD00;
					};
					7B5F8FF722CD71A900EDCD00 = {
						CreatedOnToolsVersion = 10.2.1;
						TestTargetID = 7B5F8FD822CD71A800EDCD00;
					};
				};
			};
			buildConfigurationList = 7B5F8FD422CD71A800EDCD00 /* Build configuration list for PBXProject "FoodPin" */;
			compatibilityVersion = "Xcode 9.3";
			developmentRegion = en;
			hasScannedForEncodings = 0;
			knownRegions = (
				en,
				Base,
			);
			mainGroup = 7B5F8FD022CD71A800EDCD00;
			productRefGroup = 7B5F8FDA22CD71A800EDCD00 /* Products */;
			projectDirPath = "";
			projectRoot = "";
			targets = (
				7B5F8FD822CD71A800EDCD00 /* FoodPin */,
				7B5F8FEC22CD71A900EDCD00 /* FoodPinTests */,
				7B5F8FF722CD71A900EDCD00 /* FoodPinUITests */,
			);
		};
/* End PBXProject section */

/* Begin PBXResourcesBuildPhase section */
		7B5F8FD722CD71A800EDCD00 /* Resources */ = {
			isa = PBXResourcesBuildPhase;
			buildActionMask = 2147483647;
			files = (
				7B5F8FE722CD71A900EDCD00 /* LaunchScreen.storyboard in Resources */,
				7B5F8FE422CD71A900EDCD00 /* Assets.xcassets in Resources */,
				7B5F8FE222CD71A800EDCD00 /* Main.storyboard in Resources */,
			);
			runOnlyForDeploymentPostprocessing = 0;
		};
		7B5F8FEB22CD71A900EDCD00 /* Resources */ = {
			isa = PBXResourcesBuildPhase;
			buildActionMask = 2147483647;
			files = (
			);
			runOnlyForDeploymentPostprocessing = 0;
		};
		7B5F8FF622CD71A900EDCD00 /* Resources */ = {
			isa = PBXResourcesBuildPhase;
			buildActionMask = 2147483647;
			files = (
			);
			runOnlyForDeploymentPostprocessing = 0;
		};
/* End PBXResourcesBuildPhase section */

/* Begin PBXSourcesBuildPhase section */
		7B5F8FD522CD71A800EDCD00 /* Sources */ = {
			isa = PBXSourcesBuildPhase;
			buildActionMask = 2147483647;
			files = (
				7B1D4E9522CE0D1600D93212 /* RestaurantTableViewController.swift in Sources */,
				7B75842222D49ECD006AAA88 /* AdsTableViewCell.swift in Sources */,
				7B1D4E9722CE1B1600D93212 /* RestaurantTableViewCell.swift in Sources */,
				7B5F8FDD22CD71A800EDCD00 /* AppDelegate.swift in Sources */,
			);
			runOnlyForDeploymentPostprocessing = 0;
		};
		7B5F8FE922CD71A900EDCD00 /* Sources */ = {
			isa = PBXSourcesBuildPhase;
			buildActionMask = 2147483647;
			files = (
				7B5F8FF222CD71A900EDCD00 /* FoodPinTests.swift in Sources */,
			);
			runOnlyForDeploymentPostprocessing = 0;
		};
		7B5F8FF422CD71A900EDCD00 /* Sources */ = {
			isa = PBXSourcesBuildPhase;
			buildActionMask = 2147483647;
			files = (
				7B5F8FFD22CD71A900EDCD00 /* FoodPinUITests.swift in Sources */,
			);
			runOnlyForDeploymentPostprocessing = 0;
		};
/* End PBXSourcesBuildPhase section */

/* Begin PBXTargetDependency section */
		7B5F8FEF22CD71A900EDCD00 /* PBXTargetDependency */ = {
			isa = PBXTargetDependency;
			target = 7B5F8FD822CD71A800EDCD00 /* FoodPin */;
			targetProxy = 7B5F8FEE22CD71A900EDCD00 /* PBXContainerItemProxy */;
		};
		7B5F8FFA22CD71A900EDCD00 /* PBXTargetDependency */ = {
			isa = PBXTargetDependency;
			target = 7B5F8FD822CD71A800EDCD00 /* FoodPin */;
			targetProxy = 7B5F8FF922CD71A900EDCD00 /* PBXContainerItemProxy */;
		};
/* End PBXTargetDependency section */

/* Begin PBXVariantGroup section */
		7B5F8FE022CD71A800EDCD00 /* Main.storyboard */ = {
			isa = PBXVariantGroup;
			children = (
				7B5F8FE122CD71A800EDCD00 /* Base */,
			);
			name = Main.storyboard;
			sourceTree = "<group>";
		};
		7B5F8FE522CD71A900EDCD00 /* LaunchScreen.storyboard */ = {
			isa = PBXVariantGroup;
			children = (
				7B5F8FE622CD71A900EDCD00 /* Base */,
			);
			name = LaunchScreen.storyboard;
			sourceTree = "<group>";
		};
/* End PBXVariantGroup section */

/* Begin XCBuildConfiguration section */
		7B5F8FFF22CD71A900EDCD00 /* Debug */ = {
			isa = XCBuildConfiguration;
			buildSettings = {
				ALWAYS_SEARCH_USER_PATHS = NO;
				CLANG_ANALYZER_NONNULL = YES;
				CLANG_ANALYZER_NUMBER_OBJECT_CONVERSION = YES_AGGRESSIVE;
				CLANG_CXX_LANGUAGE_STANDARD = "gnu++14";
				CLANG_CXX_LIBRARY = "libc++";
				CLANG_ENABLE_MODULES = YES;
				CLANG_ENABLE_OBJC_ARC = YES;
				CLANG_ENABLE_OBJC_WEAK = YES;
				CLANG_WARN_BLOCK_CAPTURE_AUTORELEASING = YES;
				CLANG_WARN_BOOL_CONVERSION = YES;
				CLANG_WARN_COMMA = YES;
				CLANG_WARN_CONSTANT_CONVERSION = YES;
				CLANG_WARN_DEPRECATED_OBJC_IMPLEMENTATIONS = YES;
				CLANG_WARN_DIRECT_OBJC_ISA_USAGE = YES_ERROR;
				CLANG_WARN_DOCUMENTATION_COMMENTS = YES;
				CLANG_WARN_EMPTY_BODY = YES;
				CLANG_WARN_ENUM_CONVERSION = YES;
				CLANG_WARN_INFINITE_RECURSION = YES;
				CLANG_WARN_INT_CONVERSION = YES;
				CLANG_WARN_NON_LITERAL_NULL_CONVERSION = YES;
				CLANG_WARN_OBJC_IMPLICIT_RETAIN_SELF = YES;
				CLANG_WARN_OBJC_LITERAL_CONVERSION = YES;
				CLANG_WARN_OBJC_ROOT_CLASS = YES_ERROR;
				CLANG_WARN_RANGE_LOOP_ANALYSIS = YES;
				CLANG_WARN_STRICT_PROTOTYPES = YES;
				CLANG_WARN_SUSPICIOUS_MOVE = YES;
				CLANG_WARN_UNGUARDED_AVAILABILITY = YES_AGGRESSIVE;
				CLANG_WARN_UNREACHABLE_CODE = YES;
				CLANG_WARN__DUPLICATE_METHOD_MATCH = YES;
				CODE_SIGN_IDENTITY = "iPhone Developer";
				COPY_PHASE_STRIP = NO;
				DEBUG_INFORMATION_FORMAT = dwarf;
				ENABLE_STRICT_OBJC_MSGSEND = YES;
				ENABLE_TESTABILITY = YES;
				GCC_C_LANGUAGE_STANDARD = gnu11;
				GCC_DYNAMIC_NO_PIC = NO;
				GCC_NO_COMMON_BLOCKS = YES;
				GCC_OPTIMIZATION_LEVEL = 0;
				GCC_PREPROCESSOR_DEFINITIONS = (
					"DEBUG=1",
					"$(inherited)",
				);
				GCC_WARN_64_TO_32_BIT_CONVERSION = YES;
				GCC_WARN_ABOUT_RETURN_TYPE = YES_ERROR;
				GCC_WARN_UNDECLARED_SELECTOR = YES;
				GCC_WARN_UNINITIALIZED_AUTOS = YES_AGGRESSIVE;
				GCC_WARN_UNUSED_FUNCTION = YES;
				GCC_WARN_UNUSED_VARIABLE = YES;
				IPHONEOS_DEPLOYMENT_TARGET = 12.2;
				MTL_ENABLE_DEBUG_INFO = INCLUDE_SOURCE;
				MTL_FAST_MATH = YES;
				ONLY_ACTIVE_ARCH = YES;
				SDKROOT = iphoneos;
				SWIFT_ACTIVE_COMPILATION_CONDITIONS = DEBUG;
				SWIFT_OPTIMIZATION_LEVEL = "-Onone";
			};
			name = Debug;
		};
		7B5F900022CD71A900EDCD00 /* Release */ = {
			isa = XCBuildConfiguration;
			buildSettings = {
				ALWAYS_SEARCH_USER_PATHS = NO;
				CLANG_ANALYZER_NONNULL = YES;
				CLANG_ANALYZER_NUMBER_OBJECT_CONVERSION = YES_AGGRESSIVE;
				CLANG_CXX_LANGUAGE_STANDARD = "gnu++14";
				CLANG_CXX_LIBRARY = "libc++";
				CLANG_ENABLE_MODULES = YES;
				CLANG_ENABLE_OBJC_ARC = YES;
				CLANG_ENABLE_OBJC_WEAK = YES;
				CLANG_WARN_BLOCK_CAPTURE_AUTORELEASING = YES;
				CLANG_WARN_BOOL_CONVERSION = YES;
				CLANG_WARN_COMMA = YES;
				CLANG_WARN_CONSTANT_CONVERSION = YES;
				CLANG_WARN_DEPRECATED_OBJC_IMPLEMENTATIONS = YES;
				CLANG_WARN_DIRECT_OBJC_ISA_USAGE = YES_ERROR;
				CLANG_WARN_DOCUMENTATION_COMMENTS = YES;
				CLANG_WARN_EMPTY_BODY = YES;
				CLANG_WARN_ENUM_CONVERSION = YES;
				CLANG_WARN_INFINITE_RECURSION = YES;
				CLANG_WARN_INT_CONVERSION = YES;
				CLANG_WARN_NON_LITERAL_NULL_CONVERSION = YES;
				CLANG_WARN_OBJC_IMPLICIT_RETAIN_SELF = YES;
				CLANG_WARN_OBJC_LITERAL_CONVERSION = YES;
				CLANG_WARN_OBJC_ROOT_CLASS = YES_ERROR;
				CLANG_WARN_RANGE_LOOP_ANALYSIS = YES;
				CLANG_WARN_STRICT_PROTOTYPES = YES;
				CLANG_WARN_SUSPICIOUS_MOVE = YES;
				CLANG_WARN_UNGUARDED_AVAILABILITY = YES_AGGRESSIVE;
				CLANG_WARN_UNREACHABLE_CODE = YES;
				CLANG_WARN__DUPLICATE_METHOD_MATCH = YES;
				CODE_SIGN_IDENTITY = "iPhone Developer";
				COPY_PHASE_STRIP = NO;
				DEBUG_INFORMATION_FORMAT = "dwarf-with-dsym";
				ENABLE_NS_ASSERTIONS = NO;
				ENABLE_STRICT_OBJC_MSGSEND = YES;
				GCC_C_LANGUAGE_STANDARD = gnu11;
				GCC_NO_COMMON_BLOCKS = YES;
				GCC_WARN_64_TO_32_BIT_CONVERSION = YES;
				GCC_WARN_ABOUT_RETURN_TYPE = YES_ERROR;
				GCC_WARN_UNDECLARED_SELECTOR = YES;
				GCC_WARN_UNINITIALIZED_AUTOS = YES_AGGRESSIVE;
				GCC_WARN_UNUSED_FUNCTION = YES;
				GCC_WARN_UNUSED_VARIABLE = YES;
				IPHONEOS_DEPLOYMENT_TARGET = 12.2;
				MTL_ENABLE_DEBUG_INFO = NO;
				MTL_FAST_MATH = YES;
				SDKROOT = iphoneos;
				SWIFT_COMPILATION_MODE = wholemodule;
				SWIFT_OPTIMIZATION_LEVEL = "-O";
				VALIDATE_PRODUCT = YES;
			};
			name = Release;
		};
		7B5F900222CD71A900EDCD00 /* Debug */ = {
			isa = XCBuildConfiguration;
			buildSettings = {
				ASSETCATALOG_COMPILER_APPICON_NAME = AppIcon;
				CODE_SIGN_STYLE = Automatic;
				DEVELOPMENT_TEAM = "";
				INFOPLIST_FILE = FoodPin/Info.plist;
				LD_RUNPATH_SEARCH_PATHS = (
					"$(inherited)",
					"@executable_path/Frameworks",
				);
				PRODUCT_BUNDLE_IDENTIFIER = edu.self.FoodPin;
				PRODUCT_NAME = "$(TARGET_NAME)";
				SWIFT_VERSION = 5.0;
				TARGETED_DEVICE_FAMILY = "1,2";
			};
			name = Debug;
		};
		7B5F900322CD71A900EDCD00 /* Release */ = {
			isa = XCBuildConfiguration;
			buildSettings = {
				ASSETCATALOG_COMPILER_APPICON_NAME = AppIcon;
				CODE_SIGN_STYLE = Automatic;
				DEVELOPMENT_TEAM = "";
				INFOPLIST_FILE = FoodPin/Info.plist;
				LD_RUNPATH_SEARCH_PATHS = (
					"$(inherited)",
					"@executable_path/Frameworks",
				);
				PRODUCT_BUNDLE_IDENTIFIER = edu.self.FoodPin;
				PRODUCT_NAME = "$(TARGET_NAME)";
				SWIFT_VERSION = 5.0;
				TARGETED_DEVICE_FAMILY = "1,2";
			};
			name = Release;
		};
		7B5F900522CD71A900EDCD00 /* Debug */ = {
			isa = XCBuildConfiguration;
			buildSettings = {
				ALWAYS_EMBED_SWIFT_STANDARD_LIBRARIES = YES;
				BUNDLE_LOADER = "$(TEST_HOST)";
				CODE_SIGN_STYLE = Automatic;
				INFOPLIST_FILE = FoodPinTests/Info.plist;
				LD_RUNPATH_SEARCH_PATHS = (
					"$(inherited)",
					"@executable_path/Frameworks",
					"@loader_path/Frameworks",
				);
				PRODUCT_BUNDLE_IDENTIFIER = edu.self.FoodPinTests;
				PRODUCT_NAME = "$(TARGET_NAME)";
				SWIFT_VERSION = 5.0;
				TARGETED_DEVICE_FAMILY = "1,2";
				TEST_HOST = "$(BUILT_PRODUCTS_DIR)/FoodPin.app/FoodPin";
			};
			name = Debug;
		};
		7B5F900622CD71A900EDCD00 /* Release */ = {
			isa = XCBuildConfiguration;
			buildSettings = {
				ALWAYS_EMBED_SWIFT_STANDARD_LIBRARIES = YES;
				BUNDLE_LOADER = "$(TEST_HOST)";
				CODE_SIGN_STYLE = Automatic;
				INFOPLIST_FILE = FoodPinTests/Info.plist;
				LD_RUNPATH_SEARCH_PATHS = (
					"$(inherited)",
					"@executable_path/Frameworks",
					"@loader_path/Frameworks",
				);
				PRODUCT_BUNDLE_IDENTIFIER = edu.self.FoodPinTests;
				PRODUCT_NAME = "$(TARGET_NAME)";
				SWIFT_VERSION = 5.0;
				TARGETED_DEVICE_FAMILY = "1,2";
				TEST_HOST = "$(BUILT_PRODUCTS_DIR)/FoodPin.app/FoodPin";
			};
			name = Release;
		};
		7B5F900822CD71A900EDCD00 /* Debug */ = {
			isa = XCBuildConfiguration;
			buildSettings = {
				ALWAYS_EMBED_SWIFT_STANDARD_LIBRARIES = YES;
				CODE_SIGN_STYLE = Automatic;
				INFOPLIST_FILE = FoodPinUITests/Info.plist;
				LD_RUNPATH_SEARCH_PATHS = (
					"$(inherited)",
					"@executable_path/Frameworks",
					"@loader_path/Frameworks",
				);
				PRODUCT_BUNDLE_IDENTIFIER = edu.self.FoodPinUITests;
				PRODUCT_NAME = "$(TARGET_NAME)";
				SWIFT_VERSION = 5.0;
				TARGETED_DEVICE_FAMILY = "1,2";
				TEST_TARGET_NAME = FoodPin;
			};
			name = Debug;
		};
		7B5F900922CD71A900EDCD00 /* Release */ = {
			isa = XCBuildConfiguration;
			buildSettings = {
				ALWAYS_EMBED_SWIFT_STANDARD_LIBRARIES = YES;
				CODE_SIGN_STYLE = Automatic;
				INFOPLIST_FILE = FoodPinUITests/Info.plist;
				LD_RUNPATH_SEARCH_PATHS = (
					"$(inherited)",
					"@executable_path/Frameworks",
					"@loader_path/Frameworks",
				);
				PRODUCT_BUNDLE_IDENTIFIER = edu.self.FoodPinUITests;
				PRODUCT_NAME = "$(TARGET_NAME)";
				SWIFT_VERSION = 5.0;
				TARGETED_DEVICE_FAMILY = "1,2";
				TEST_TARGET_NAME = FoodPin;
			};
			name = Release;
		};
/* End XCBuildConfiguration section */

/* Begin XCConfigurationList section */
		7B5F8FD422CD71A800EDCD00 /* Build configuration list for PBXProject "FoodPin" */ = {
			isa = XCConfigurationList;
			buildConfigurations = (
				7B5F8FFF22CD71A900EDCD00 /* Debug */,
				7B5F900022CD71A900EDCD00 /* Release */,
			);
			defaultConfigurationIsVisible = 0;
			defaultConfigurationName = Release;
		};
		7B5F900122CD71A900EDCD00 /* Build configuration list for PBXNativeTarget "FoodPin" */ = {
			isa = XCConfigurationList;
			buildConfigurations = (
				7B5F900222CD71A900EDCD00 /* Debug */,
				7B5F900322CD71A900EDCD00 /* Release */,
			);
			defaultConfigurationIsVisible = 0;
			defaultConfigurationName = Release;
		};
		7B5F900422CD71A900EDCD00 /* Build configuration list for PBXNativeTarget "FoodPinTests" */ = {
			isa = XCConfigurationList;
			buildConfigurations = (
				7B5F900522CD71A900EDCD00 /* Debug */,
				7B5F900622CD71A900EDCD00 /* Release */,
			);
			defaultConfigurationIsVisible = 0;
			defaultConfigurationName = Release;
		};
		7B5F900722CD71A900EDCD00 /* Build configuration list for PBXNativeTarget "FoodPinUITests" */ = {
			isa = XCConfigurationList;
			buildConfigurations = (
				7B5F900822CD71A900EDCD00 /* Debug */,
				7B5F900922CD71A900EDCD00 /* Release */,
			);
			defaultConfigurationIsVisible = 0;
			defaultConfigurationName = Release;
		};
/* End XCConfigurationList section */
	};
	rootObject = 7B5F8FD122CD71A800EDCD00 /* Project object */;
}
