// !$*UTF8*$!
{
	archiveVersion = 1;
	classes = {
	};
	objectVersion = 51;
	objects = {

/* Begin PBXBuildFile section */
		7B25E4E624135FBE0000EC55 /* SourceDetailsViewController.swift in Sources */ = {isa = PBXBuildFile; fileRef = 7B25E4E524135FBE0000EC55 /* SourceDetailsViewController.swift */; };
		7B25E4E8241746930000EC55 /* ViewDelegate.swift in Sources */ = {isa = PBXBuildFile; fileRef = 7B25E4E7241746930000EC55 /* ViewDelegate.swift */; };
		7B73D78B241F274200C776B9 /* newsFeedDemoTests.swift in Sources */ = {isa = PBXBuildFile; fileRef = 7B73D78A241F274200C776B9 /* newsFeedDemoTests.swift */; };
		7BABA4452401EE0C00259AE9 /* AppDelegate.swift in Sources */ = {isa = PBXBuildFile; fileRef = 7BABA4442401EE0C00259AE9 /* AppDelegate.swift */; };
		7BABA4472401EE0C00259AE9 /* SceneDelegate.swift in Sources */ = {isa = PBXBuildFile; fileRef = 7BABA4462401EE0C00259AE9 /* SceneDelegate.swift */; };
		7BABA4492401EE0C00259AE9 /* SourcesListViewController.swift in Sources */ = {isa = PBXBuildFile; fileRef = 7BABA4482401EE0C00259AE9 /* SourcesListViewController.swift */; };
		7BABA44E2401EE0D00259AE9 /* Assets.xcassets in Resources */ = {isa = PBXBuildFile; fileRef = 7BABA44D2401EE0D00259AE9 /* Assets.xcassets */; };
		7BABA4512401EE0D00259AE9 /* LaunchScreen.storyboard in Resources */ = {isa = PBXBuildFile; fileRef = 7BABA44F2401EE0D00259AE9 /* LaunchScreen.storyboard */; };
		7BABA4592402219900259AE9 /* NewsViewCell.swift in Sources */ = {isa = PBXBuildFile; fileRef = 7BABA4582402219900259AE9 /* NewsViewCell.swift */; };
		7BC1578C24024D5E00D8051D /* NewsFeed.swift in Sources */ = {isa = PBXBuildFile; fileRef = 7BC1578B24024D5E00D8051D /* NewsFeed.swift */; };
		7BC2AE2A2423269D00A0DE56 /* SourcesListViewModel.swift in Sources */ = {isa = PBXBuildFile; fileRef = 7BC2AE292423269D00A0DE56 /* SourcesListViewModel.swift */; };
		7BC2AE2F2424790400A0DE56 /* SourcesListCell.swift in Sources */ = {isa = PBXBuildFile; fileRef = 7BC2AE2E2424790400A0DE56 /* SourcesListCell.swift */; };
		7BC2AE3124247C6200A0DE56 /* NewsListCell.swift in Sources */ = {isa = PBXBuildFile; fileRef = 7BC2AE3024247C6200A0DE56 /* NewsListCell.swift */; };
		7BC2AE372424974E00A0DE56 /* NewsDetailsViewController.swift in Sources */ = {isa = PBXBuildFile; fileRef = 7BC2AE362424974E00A0DE56 /* NewsDetailsViewController.swift */; };
		7BC2AE3924249B3B00A0DE56 /* SourcesDetailsViewModel.swift in Sources */ = {isa = PBXBuildFile; fileRef = 7BC2AE3824249B3B00A0DE56 /* SourcesDetailsViewModel.swift */; };
		7BC2AE3B24249B4A00A0DE56 /* NewsDetailsViewModel.swift in Sources */ = {isa = PBXBuildFile; fileRef = 7BC2AE3A24249B4A00A0DE56 /* NewsDetailsViewModel.swift */; };
		7BC2AE3D24249C1C00A0DE56 /* Network.swift in Sources */ = {isa = PBXBuildFile; fileRef = 7BC2AE3C24249C1C00A0DE56 /* Network.swift */; };
		7BC2AE3F24249DD100A0DE56 /* NetworkError.swift in Sources */ = {isa = PBXBuildFile; fileRef = 7BC2AE3E24249DD100A0DE56 /* NetworkError.swift */; };
		7BF67ED62427843D007C5134 /* FetchNews.swift in Sources */ = {isa = PBXBuildFile; fileRef = 7BF67ED52427843D007C5134 /* FetchNews.swift */; };
		B081BA98ED824DBB0D066028 /* Pods_newsFeedDemo.framework in Frameworks */ = {isa = PBXBuildFile; fileRef = 4CB89CD0237B549046EFDAC7 /* Pods_newsFeedDemo.framework */; };
/* End PBXBuildFile section */

/* Begin PBXContainerItemProxy section */
		7B73D78D241F274200C776B9 /* PBXContainerItemProxy */ = {
			isa = PBXContainerItemProxy;
			containerPortal = 7BABA4392401EE0C00259AE9 /* Project object */;
			proxyType = 1;
			remoteGlobalIDString = 7BABA4402401EE0C00259AE9;
			remoteInfo = newsFeedDemo;
		};
/* End PBXContainerItemProxy section */

/* Begin PBXFileReference section */
		4CB89CD0237B549046EFDAC7 /* Pods_newsFeedDemo.framework */ = {isa = PBXFileReference; explicitFileType = wrapper.framework; includeInIndex = 0; path = Pods_newsFeedDemo.framework; sourceTree = BUILT_PRODUCTS_DIR; };
		7572FE897A64DF7DAEEE785C /* Pods-newsFeedDemo.debug.xcconfig */ = {isa = PBXFileReference; includeInIndex = 1; lastKnownFileType = text.xcconfig; name = "Pods-newsFeedDemo.debug.xcconfig"; path = "Target Support Files/Pods-newsFeedDemo/Pods-newsFeedDemo.debug.xcconfig"; sourceTree = "<group>"; };
		7B25E4E524135FBE0000EC55 /* SourceDetailsViewController.swift */ = {isa = PBXFileReference; lastKnownFileType = sourcecode.swift; path = SourceDetailsViewController.swift; sourceTree = "<group>"; };
		7B25E4E7241746930000EC55 /* ViewDelegate.swift */ = {isa = PBXFileReference; lastKnownFileType = sourcecode.swift; path = ViewDelegate.swift; sourceTree = "<group>"; };
		7B73D788241F274200C776B9 /* newsFeedDemoTests.xctest */ = {isa = PBXFileReference; explicitFileType = wrapper.cfbundle; includeInIndex = 0; path = newsFeedDemoTests.xctest; sourceTree = BUILT_PRODUCTS_DIR; };
		7B73D78A241F274200C776B9 /* newsFeedDemoTests.swift */ = {isa = PBXFileReference; lastKnownFileType = sourcecode.swift; path = newsFeedDemoTests.swift; sourceTree = "<group>"; };
		7B73D78C241F274200C776B9 /* Info.plist */ = {isa = PBXFileReference; lastKnownFileType = text.plist.xml; path = Info.plist; sourceTree = "<group>"; };
		7BABA4412401EE0C00259AE9 /* newsFeedDemo.app */ = {isa = PBXFileReference; explicitFileType = wrapper.application; includeInIndex = 0; path = newsFeedDemo.app; sourceTree = BUILT_PRODUCTS_DIR; };
		7BABA4442401EE0C00259AE9 /* AppDelegate.swift */ = {isa = PBXFileReference; lastKnownFileType = sourcecode.swift; path = AppDelegate.swift; sourceTree = "<group>"; };
		7BABA4462401EE0C00259AE9 /* SceneDelegate.swift */ = {isa = PBXFileReference; lastKnownFileType = sourcecode.swift; path = SceneDelegate.swift; sourceTree = "<group>"; };
		7BABA4482401EE0C00259AE9 /* SourcesListViewController.swift */ = {isa = PBXFileReference; lastKnownFileType = sourcecode.swift; path = SourcesListViewController.swift; sourceTree = "<group>"; };
		7BABA44D2401EE0D00259AE9 /* Assets.xcassets */ = {isa = PBXFileReference; lastKnownFileType = folder.assetcatalog; path = Assets.xcassets; sourceTree = "<group>"; };
		7BABA4502401EE0D00259AE9 /* Base */ = {isa = PBXFileReference; lastKnownFileType = file.storyboard; name = Base; path = Base.lproj/LaunchScreen.storyboard; sourceTree = "<group>"; };
		7BABA4522401EE0D00259AE9 /* Info.plist */ = {isa = PBXFileReference; lastKnownFileType = text.plist.xml; path = Info.plist; sourceTree = "<group>"; };
		7BABA4582402219900259AE9 /* NewsViewCell.swift */ = {isa = PBXFileReference; lastKnownFileType = sourcecode.swift; path = NewsViewCell.swift; sourceTree = "<group>"; };
		7BC1578B24024D5E00D8051D /* NewsFeed.swift */ = {isa = PBXFileReference; lastKnownFileType = sourcecode.swift; path = NewsFeed.swift; sourceTree = "<group>"; };
		7BC2AE292423269D00A0DE56 /* SourcesListViewModel.swift */ = {isa = PBXFileReference; lastKnownFileType = sourcecode.swift; path = SourcesListViewModel.swift; sourceTree = "<group>"; };
		7BC2AE2E2424790400A0DE56 /* SourcesListCell.swift */ = {isa = PBXFileReference; lastKnownFileType = sourcecode.swift; path = SourcesListCell.swift; sourceTree = "<group>"; };
		7BC2AE3024247C6200A0DE56 /* NewsListCell.swift */ = {isa = PBXFileReference; lastKnownFileType = sourcecode.swift; path = NewsListCell.swift; sourceTree = "<group>"; };
		7BC2AE362424974E00A0DE56 /* NewsDetailsViewController.swift */ = {isa = PBXFileReference; lastKnownFileType = sourcecode.swift; path = NewsDetailsViewController.swift; sourceTree = "<group>"; };
		7BC2AE3824249B3B00A0DE56 /* SourcesDetailsViewModel.swift */ = {isa = PBXFileReference; lastKnownFileType = sourcecode.swift; path = SourcesDetailsViewModel.swift; sourceTree = "<group>"; };
		7BC2AE3A24249B4A00A0DE56 /* NewsDetailsViewModel.swift */ = {isa = PBXFileReference; lastKnownFileType = sourcecode.swift; path = NewsDetailsViewModel.swift; sourceTree = "<group>"; };
		7BC2AE3C24249C1C00A0DE56 /* Network.swift */ = {isa = PBXFileReference; lastKnownFileType = sourcecode.swift; path = Network.swift; sourceTree = "<group>"; };
		7BC2AE3E24249DD100A0DE56 /* NetworkError.swift */ = {isa = PBXFileReference; lastKnownFileType = sourcecode.swift; path = NetworkError.swift; sourceTree = "<group>"; };
		7BF67ED52427843D007C5134 /* FetchNews.swift */ = {isa = PBXFileReference; lastKnownFileType = sourcecode.swift; path = FetchNews.swift; sourceTree = "<group>"; };
		A9F59EFB3C2E156CAE6FF121 /* Pods-newsFeedDemo.release.xcconfig */ = {isa = PBXFileReference; includeInIndex = 1; lastKnownFileType = text.xcconfig; name = "Pods-newsFeedDemo.release.xcconfig"; path = "Target Support Files/Pods-newsFeedDemo/Pods-newsFeedDemo.release.xcconfig"; sourceTree = "<group>"; };
/* End PBXFileReference section */

/* Begin PBXFrameworksBuildPhase section */
		7B73D785241F274200C776B9 /* Frameworks */ = {
			isa = PBXFrameworksBuildPhase;
			buildActionMask = 2147483647;
			files = (
			);
			runOnlyForDeploymentPostprocessing = 0;
		};
		7BABA43E2401EE0C00259AE9 /* Frameworks */ = {
			isa = PBXFrameworksBuildPhase;
			buildActionMask = 2147483647;
			files = (
				B081BA98ED824DBB0D066028 /* Pods_newsFeedDemo.framework in Frameworks */,
			);
			runOnlyForDeploymentPostprocessing = 0;
		};
/* End PBXFrameworksBuildPhase section */

/* Begin PBXGroup section */
		7B73D789241F274200C776B9 /* newsFeedDemoTests */ = {
			isa = PBXGroup;
			children = (
				7B73D78A241F274200C776B9 /* newsFeedDemoTests.swift */,
				7B73D78C241F274200C776B9 /* Info.plist */,
			);
			path = newsFeedDemoTests;
			sourceTree = "<group>";
		};
		7BABA4382401EE0C00259AE9 = {
			isa = PBXGroup;
			children = (
				7BABA4432401EE0C00259AE9 /* newsFeedDemo */,
				7B73D789241F274200C776B9 /* newsFeedDemoTests */,
				7BABA4422401EE0C00259AE9 /* Products */,
				D5DE999ED172717B42EBDC96 /* Pods */,
				C2F75F0B80B46E1AE29F7D23 /* Frameworks */,
			);
			sourceTree = "<group>";
		};
		7BABA4422401EE0C00259AE9 /* Products */ = {
			isa = PBXGroup;
			children = (
				7BABA4412401EE0C00259AE9 /* newsFeedDemo.app */,
				7B73D788241F274200C776B9 /* newsFeedDemoTests.xctest */,
			);
			name = Products;
			sourceTree = "<group>";
		};
		7BABA4432401EE0C00259AE9 /* newsFeedDemo */ = {
			isa = PBXGroup;
			children = (
				7BC2AE352424953400A0DE56 /* Model */,
				7BC2AE342424950200A0DE56 /* Controller */,
				7BC2AE2C2424787D00A0DE56 /* View */,
				7BABA4442401EE0C00259AE9 /* AppDelegate.swift */,
				7BABA4462401EE0C00259AE9 /* SceneDelegate.swift */,
				7B25E4E7241746930000EC55 /* ViewDelegate.swift */,
				7BC1578B24024D5E00D8051D /* NewsFeed.swift */,
				7BABA44D2401EE0D00259AE9 /* Assets.xcassets */,
				7BABA44F2401EE0D00259AE9 /* LaunchScreen.storyboard */,
				7BABA4522401EE0D00259AE9 /* Info.plist */,
				7BABA4582402219900259AE9 /* NewsViewCell.swift */,
			);
			path = newsFeedDemo;
			sourceTree = "<group>";
		};
		7BC2AE2C2424787D00A0DE56 /* View */ = {
			isa = PBXGroup;
			children = (
				7BC2AE2E2424790400A0DE56 /* SourcesListCell.swift */,
				7BC2AE3024247C6200A0DE56 /* NewsListCell.swift */,
			);
			name = View;
			sourceTree = "<group>";
		};
		7BC2AE342424950200A0DE56 /* Controller */ = {
			isa = PBXGroup;
			children = (
				7BABA4482401EE0C00259AE9 /* SourcesListViewController.swift */,
				7B25E4E524135FBE0000EC55 /* SourceDetailsViewController.swift */,
				7BC2AE362424974E00A0DE56 /* NewsDetailsViewController.swift */,
			);
			name = Controller;
			sourceTree = "<group>";
		};
		7BC2AE352424953400A0DE56 /* Model */ = {
			isa = PBXGroup;
			children = (
				7BC2AE292423269D00A0DE56 /* SourcesListViewModel.swift */,
				7BC2AE3824249B3B00A0DE56 /* SourcesDetailsViewModel.swift */,
				7BC2AE3A24249B4A00A0DE56 /* NewsDetailsViewModel.swift */,
				7BC2AE3C24249C1C00A0DE56 /* Network.swift */,
				7BF67ED52427843D007C5134 /* FetchNews.swift */,
				7BC2AE3E24249DD100A0DE56 /* NetworkError.swift */,
			);
			name = Model;
			sourceTree = "<group>";
		};
		C2F75F0B80B46E1AE29F7D23 /* Frameworks */ = {
			isa = PBXGroup;
			children = (
				4CB89CD0237B549046EFDAC7 /* Pods_newsFeedDemo.framework */,
			);
			name = Frameworks;
			sourceTree = "<group>";
		};
		D5DE999ED172717B42EBDC96 /* Pods */ = {
			isa = PBXGroup;
			children = (
				7572FE897A64DF7DAEEE785C /* Pods-newsFeedDemo.debug.xcconfig */,
				A9F59EFB3C2E156CAE6FF121 /* Pods-newsFeedDemo.release.xcconfig */,
			);
			path = Pods;
			sourceTree = "<group>";
		};
/* End PBXGroup section */

/* Begin PBXNativeTarget section */
		7B73D787241F274200C776B9 /* newsFeedDemoTests */ = {
			isa = PBXNativeTarget;
			buildConfigurationList = 7B73D78F241F274200C776B9 /* Build configuration list for PBXNativeTarget "newsFeedDemoTests" */;
			buildPhases = (
				7B73D784241F274200C776B9 /* Sources */,
				7B73D785241F274200C776B9 /* Frameworks */,
				7B73D786241F274200C776B9 /* Resources */,
			);
			buildRules = (
			);
			dependencies = (
				7B73D78E241F274200C776B9 /* PBXTargetDependency */,
			);
			name = newsFeedDemoTests;
			productName = newsFeedDemoTests;
			productReference = 7B73D788241F274200C776B9 /* newsFeedDemoTests.xctest */;
			productType = "com.apple.product-type.bundle.unit-test";
		};
		7BABA4402401EE0C00259AE9 /* newsFeedDemo */ = {
			isa = PBXNativeTarget;
			buildConfigurationList = 7BABA4552401EE0D00259AE9 /* Build configuration list for PBXNativeTarget "newsFeedDemo" */;
			buildPhases = (
				64653493832F51CBF295F5E9 /* [CP] Check Pods Manifest.lock */,
				7BABA43D2401EE0C00259AE9 /* Sources */,
				7BABA43E2401EE0C00259AE9 /* Frameworks */,
				7BABA43F2401EE0C00259AE9 /* Resources */,
				3B6D42038CE1AF1304383A8F /* [CP] Embed Pods Frameworks */,
			);
			buildRules = (
			);
			dependencies = (
			);
			name = newsFeedDemo;
			productName = newsFeedDemo;
			productReference = 7BABA4412401EE0C00259AE9 /* newsFeedDemo.app */;
			productType = "com.apple.product-type.application";
		};
/* End PBXNativeTarget section */

/* Begin PBXProject section */
		7BABA4392401EE0C00259AE9 /* Project object */ = {
			isa = PBXProject;
			attributes = {
				LastSwiftUpdateCheck = 1130;
				LastUpgradeCheck = 1130;
				ORGANIZATIONNAME = diana;
				TargetAttributes = {
					7B73D787241F274200C776B9 = {
						CreatedOnToolsVersion = 11.3.1;
						TestTargetID = 7BABA4402401EE0C00259AE9;
					};
					7BABA4402401EE0C00259AE9 = {
						CreatedOnToolsVersion = 11.3.1;
					};
				};
			};
			buildConfigurationList = 7BABA43C2401EE0C00259AE9 /* Build configuration list for PBXProject "newsFeedDemo" */;
			compatibilityVersion = "Xcode 9.3";
			developmentRegion = en;
			hasScannedForEncodings = 0;
			knownRegions = (
				en,
				Base,
			);
			mainGroup = 7BABA4382401EE0C00259AE9;
			productRefGroup = 7BABA4422401EE0C00259AE9 /* Products */;
			projectDirPath = "";
			projectRoot = "";
			targets = (
				7BABA4402401EE0C00259AE9 /* newsFeedDemo */,
				7B73D787241F274200C776B9 /* newsFeedDemoTests */,
			);
		};
/* End PBXProject section */

/* Begin PBXResourcesBuildPhase section */
		7B73D786241F274200C776B9 /* Resources */ = {
			isa = PBXResourcesBuildPhase;
			buildActionMask = 2147483647;
			files = (
			);
			runOnlyForDeploymentPostprocessing = 0;
		};
		7BABA43F2401EE0C00259AE9 /* Resources */ = {
			isa = PBXResourcesBuildPhase;
			buildActionMask = 2147483647;
			files = (
				7BABA4512401EE0D00259AE9 /* LaunchScreen.storyboard in Resources */,
				7BABA44E2401EE0D00259AE9 /* Assets.xcassets in Resources */,
			);
			runOnlyForDeploymentPostprocessing = 0;
		};
/* End PBXResourcesBuildPhase section */

/* Begin PBXShellScriptBuildPhase section */
		3B6D42038CE1AF1304383A8F /* [CP] Embed Pods Frameworks */ = {
			isa = PBXShellScriptBuildPhase;
			buildActionMask = 2147483647;
			files = (
			);
			inputFileListPaths = (
				"${PODS_ROOT}/Target Support Files/Pods-newsFeedDemo/Pods-newsFeedDemo-frameworks-${CONFIGURATION}-input-files.xcfilelist",
			);
			name = "[CP] Embed Pods Frameworks";
			outputFileListPaths = (
				"${PODS_ROOT}/Target Support Files/Pods-newsFeedDemo/Pods-newsFeedDemo-frameworks-${CONFIGURATION}-output-files.xcfilelist",
			);
			runOnlyForDeploymentPostprocessing = 0;
			shellPath = /bin/sh;
			shellScript = "\"${PODS_ROOT}/Target Support Files/Pods-newsFeedDemo/Pods-newsFeedDemo-frameworks.sh\"\n";
			showEnvVarsInLog = 0;
		};
		64653493832F51CBF295F5E9 /* [CP] Check Pods Manifest.lock */ = {
			isa = PBXShellScriptBuildPhase;
			buildActionMask = 2147483647;
			files = (
			);
			inputFileListPaths = (
			);
			inputPaths = (
				"${PODS_PODFILE_DIR_PATH}/Podfile.lock",
				"${PODS_ROOT}/Manifest.lock",
			);
			name = "[CP] Check Pods Manifest.lock";
			outputFileListPaths = (
			);
			outputPaths = (
				"$(DERIVED_FILE_DIR)/Pods-newsFeedDemo-checkManifestLockResult.txt",
			);
			runOnlyForDeploymentPostprocessing = 0;
			shellPath = /bin/sh;
			shellScript = "diff \"${PODS_PODFILE_DIR_PATH}/Podfile.lock\" \"${PODS_ROOT}/Manifest.lock\" > /dev/null\nif [ $? != 0 ] ; then\n    # print error to STDERR\n    echo \"error: The sandbox is not in sync with the Podfile.lock. Run 'pod install' or update your CocoaPods installation.\" >&2\n    exit 1\nfi\n# This output is used by Xcode 'outputs' to avoid re-running this script phase.\necho \"SUCCESS\" > \"${SCRIPT_OUTPUT_FILE_0}\"\n";
			showEnvVarsInLog = 0;
		};
/* End PBXShellScriptBuildPhase section */

/* Begin PBXSourcesBuildPhase section */
		7B73D784241F274200C776B9 /* Sources */ = {
			isa = PBXSourcesBuildPhase;
			buildActionMask = 2147483647;
			files = (
				7B73D78B241F274200C776B9 /* newsFeedDemoTests.swift in Sources */,
			);
			runOnlyForDeploymentPostprocessing = 0;
		};
		7BABA43D2401EE0C00259AE9 /* Sources */ = {
			isa = PBXSourcesBuildPhase;
			buildActionMask = 2147483647;
			files = (
				7BABA4492401EE0C00259AE9 /* SourcesListViewController.swift in Sources */,
				7BF67ED62427843D007C5134 /* FetchNews.swift in Sources */,
				7B25E4E624135FBE0000EC55 /* SourceDetailsViewController.swift in Sources */,
				7BABA4592402219900259AE9 /* NewsViewCell.swift in Sources */,
				7B25E4E8241746930000EC55 /* ViewDelegate.swift in Sources */,
				7BC2AE3124247C6200A0DE56 /* NewsListCell.swift in Sources */,
				7BC2AE2F2424790400A0DE56 /* SourcesListCell.swift in Sources */,
				7BC2AE3924249B3B00A0DE56 /* SourcesDetailsViewModel.swift in Sources */,
				7BABA4452401EE0C00259AE9 /* AppDelegate.swift in Sources */,
				7BC2AE372424974E00A0DE56 /* NewsDetailsViewController.swift in Sources */,
				7BC2AE3F24249DD100A0DE56 /* NetworkError.swift in Sources */,
				7BC1578C24024D5E00D8051D /* NewsFeed.swift in Sources */,
				7BC2AE3B24249B4A00A0DE56 /* NewsDetailsViewModel.swift in Sources */,
				7BC2AE2A2423269D00A0DE56 /* SourcesListViewModel.swift in Sources */,
				7BC2AE3D24249C1C00A0DE56 /* Network.swift in Sources */,
				7BABA4472401EE0C00259AE9 /* SceneDelegate.swift in Sources */,
			);
			runOnlyForDeploymentPostprocessing = 0;
		};
/* End PBXSourcesBuildPhase section */

/* Begin PBXTargetDependency section */
		7B73D78E241F274200C776B9 /* PBXTargetDependency */ = {
			isa = PBXTargetDependency;
			target = 7BABA4402401EE0C00259AE9 /* newsFeedDemo */;
			targetProxy = 7B73D78D241F274200C776B9 /* PBXContainerItemProxy */;
		};
/* End PBXTargetDependency section */

/* Begin PBXVariantGroup section */
		7BABA44F2401EE0D00259AE9 /* LaunchScreen.storyboard */ = {
			isa = PBXVariantGroup;
			children = (
				7BABA4502401EE0D00259AE9 /* Base */,
			);
			name = LaunchScreen.storyboard;
			sourceTree = "<group>";
		};
/* End PBXVariantGroup section */

/* Begin XCBuildConfiguration section */
		7B73D790241F274200C776B9 /* Debug */ = {
			isa = XCBuildConfiguration;
			buildSettings = {
				BUNDLE_LOADER = "$(TEST_HOST)";
				CODE_SIGN_STYLE = Automatic;
				INFOPLIST_FILE = newsFeedDemoTests/Info.plist;
				LD_RUNPATH_SEARCH_PATHS = (
					"$(inherited)",
					"@executable_path/Frameworks",
					"@loader_path/Frameworks",
				);
				PRODUCT_BUNDLE_IDENTIFIER = com.edu.self.newsFeedDemoTests;
				PRODUCT_NAME = "$(TARGET_NAME)";
				SWIFT_VERSION = 5.0;
				TARGETED_DEVICE_FAMILY = "1,2";
				TEST_HOST = "$(BUILT_PRODUCTS_DIR)/newsFeedDemo.app/newsFeedDemo";
			};
			name = Debug;
		};
		7B73D791241F274200C776B9 /* Release */ = {
			isa = XCBuildConfiguration;
			buildSettings = {
				BUNDLE_LOADER = "$(TEST_HOST)";
				CODE_SIGN_STYLE = Automatic;
				INFOPLIST_FILE = newsFeedDemoTests/Info.plist;
				LD_RUNPATH_SEARCH_PATHS = (
					"$(inherited)",
					"@executable_path/Frameworks",
					"@loader_path/Frameworks",
				);
				PRODUCT_BUNDLE_IDENTIFIER = com.edu.self.newsFeedDemoTests;
				PRODUCT_NAME = "$(TARGET_NAME)";
				SWIFT_VERSION = 5.0;
				TARGETED_DEVICE_FAMILY = "1,2";
				TEST_HOST = "$(BUILT_PRODUCTS_DIR)/newsFeedDemo.app/newsFeedDemo";
			};
			name = Release;
		};
		7BABA4532401EE0D00259AE9 /* Debug */ = {
			isa = XCBuildConfiguration;
			buildSettings = {
				ALWAYS_SEARCH_USER_PATHS = NO;
				CLANG_ANALYZER_NONNULL = YES;
				CLANG_ANALYZER_NUMBER_OBJECT_CONVERSION = YES_AGGRESSIVE;
				CLANG_CXX_LANGUAGE_STANDARD = "gnu++14";
				CLANG_CXX_LIBRARY = "libc++";
				CLANG_ENABLE_MODULES = YES;
				CLANG_ENABLE_OBJC_ARC = YES;
				CLANG_ENABLE_OBJC_WEAK = YES;
				CLANG_WARN_BLOCK_CAPTURE_AUTORELEASING = YES;
				CLANG_WARN_BOOL_CONVERSION = YES;
				CLANG_WARN_COMMA = YES;
				CLANG_WARN_CONSTANT_CONVERSION = YES;
				CLANG_WARN_DEPRECATED_OBJC_IMPLEMENTATIONS = YES;
				CLANG_WARN_DIRECT_OBJC_ISA_USAGE = YES_ERROR;
				CLANG_WARN_DOCUMENTATION_COMMENTS = YES;
				CLANG_WARN_EMPTY_BODY = YES;
				CLANG_WARN_ENUM_CONVERSION = YES;
				CLANG_WARN_INFINITE_RECURSION = YES;
				CLANG_WARN_INT_CONVERSION = YES;
				CLANG_WARN_NON_LITERAL_NULL_CONVERSION = YES;
				CLANG_WARN_OBJC_IMPLICIT_RETAIN_SELF = YES;
				CLANG_WARN_OBJC_LITERAL_CONVERSION = YES;
				CLANG_WARN_OBJC_ROOT_CLASS = YES_ERROR;
				CLANG_WARN_RANGE_LOOP_ANALYSIS = YES;
				CLANG_WARN_STRICT_PROTOTYPES = YES;
				CLANG_WARN_SUSPICIOUS_MOVE = YES;
				CLANG_WARN_UNGUARDED_AVAILABILITY = YES_AGGRESSIVE;
				CLANG_WARN_UNREACHABLE_CODE = YES;
				CLANG_WARN__DUPLICATE_METHOD_MATCH = YES;
				COPY_PHASE_STRIP = NO;
				DEBUG_INFORMATION_FORMAT = dwarf;
				ENABLE_STRICT_OBJC_MSGSEND = YES;
				ENABLE_TESTABILITY = YES;
				GCC_C_LANGUAGE_STANDARD = gnu11;
				GCC_DYNAMIC_NO_PIC = NO;
				GCC_NO_COMMON_BLOCKS = YES;
				GCC_OPTIMIZATION_LEVEL = 0;
				GCC_PREPROCESSOR_DEFINITIONS = (
					"DEBUG=1",
					"$(inherited)",
				);
				GCC_WARN_64_TO_32_BIT_CONVERSION = YES;
				GCC_WARN_ABOUT_RETURN_TYPE = YES_ERROR;
				GCC_WARN_UNDECLARED_SELECTOR = YES;
				GCC_WARN_UNINITIALIZED_AUTOS = YES_AGGRESSIVE;
				GCC_WARN_UNUSED_FUNCTION = YES;
				GCC_WARN_UNUSED_VARIABLE = YES;
				IPHONEOS_DEPLOYMENT_TARGET = 13.2;
				MTL_ENABLE_DEBUG_INFO = INCLUDE_SOURCE;
				MTL_FAST_MATH = YES;
				ONLY_ACTIVE_ARCH = YES;
				SDKROOT = iphoneos;
				SWIFT_ACTIVE_COMPILATION_CONDITIONS = DEBUG;
				SWIFT_OPTIMIZATION_LEVEL = "-Onone";
			};
			name = Debug;
		};
		7BABA4542401EE0D00259AE9 /* Release */ = {
			isa = XCBuildConfiguration;
			buildSettings = {
				ALWAYS_SEARCH_USER_PATHS = NO;
				CLANG_ANALYZER_NONNULL = YES;
				CLANG_ANALYZER_NUMBER_OBJECT_CONVERSION = YES_AGGRESSIVE;
				CLANG_CXX_LANGUAGE_STANDARD = "gnu++14";
				CLANG_CXX_LIBRARY = "libc++";
				CLANG_ENABLE_MODULES = YES;
				CLANG_ENABLE_OBJC_ARC = YES;
				CLANG_ENABLE_OBJC_WEAK = YES;
				CLANG_WARN_BLOCK_CAPTURE_AUTORELEASING = YES;
				CLANG_WARN_BOOL_CONVERSION = YES;
				CLANG_WARN_COMMA = YES;
				CLANG_WARN_CONSTANT_CONVERSION = YES;
				CLANG_WARN_DEPRECATED_OBJC_IMPLEMENTATIONS = YES;
				CLANG_WARN_DIRECT_OBJC_ISA_USAGE = YES_ERROR;
				CLANG_WARN_DOCUMENTATION_COMMENTS = YES;
				CLANG_WARN_EMPTY_BODY = YES;
				CLANG_WARN_ENUM_CONVERSION = YES;
				CLANG_WARN_INFINITE_RECURSION = YES;
				CLANG_WARN_INT_CONVERSION = YES;
				CLANG_WARN_NON_LITERAL_NULL_CONVERSION = YES;
				CLANG_WARN_OBJC_IMPLICIT_RETAIN_SELF = YES;
				CLANG_WARN_OBJC_LITERAL_CONVERSION = YES;
				CLANG_WARN_OBJC_ROOT_CLASS = YES_ERROR;
				CLANG_WARN_RANGE_LOOP_ANALYSIS = YES;
				CLANG_WARN_STRICT_PROTOTYPES = YES;
				CLANG_WARN_SUSPICIOUS_MOVE = YES;
				CLANG_WARN_UNGUARDED_AVAILABILITY = YES_AGGRESSIVE;
				CLANG_WARN_UNREACHABLE_CODE = YES;
				CLANG_WARN__DUPLICATE_METHOD_MATCH = YES;
				COPY_PHASE_STRIP = NO;
				DEBUG_INFORMATION_FORMAT = "dwarf-with-dsym";
				ENABLE_NS_ASSERTIONS = NO;
				ENABLE_STRICT_OBJC_MSGSEND = YES;
				GCC_C_LANGUAGE_STANDARD = gnu11;
				GCC_NO_COMMON_BLOCKS = YES;
				GCC_WARN_64_TO_32_BIT_CONVERSION = YES;
				GCC_WARN_ABOUT_RETURN_TYPE = YES_ERROR;
				GCC_WARN_UNDECLARED_SELECTOR = YES;
				GCC_WARN_UNINITIALIZED_AUTOS = YES_AGGRESSIVE;
				GCC_WARN_UNUSED_FUNCTION = YES;
				GCC_WARN_UNUSED_VARIABLE = YES;
				IPHONEOS_DEPLOYMENT_TARGET = 13.2;
				MTL_ENABLE_DEBUG_INFO = NO;
				MTL_FAST_MATH = YES;
				SDKROOT = iphoneos;
				SWIFT_COMPILATION_MODE = wholemodule;
				SWIFT_OPTIMIZATION_LEVEL = "-O";
				VALIDATE_PRODUCT = YES;
			};
			name = Release;
		};
		7BABA4562401EE0D00259AE9 /* Debug */ = {
			isa = XCBuildConfiguration;
			baseConfigurationReference = 7572FE897A64DF7DAEEE785C /* Pods-newsFeedDemo.debug.xcconfig */;
			buildSettings = {
				ASSETCATALOG_COMPILER_APPICON_NAME = AppIcon;
				CODE_SIGN_STYLE = Automatic;
				INFOPLIST_FILE = newsFeedDemo/Info.plist;
				LD_RUNPATH_SEARCH_PATHS = (
					"$(inherited)",
					"@executable_path/Frameworks",
				);
				PRODUCT_BUNDLE_IDENTIFIER = com.edu.self.newsFeedDemo;
				PRODUCT_NAME = "$(TARGET_NAME)";
				SWIFT_VERSION = 5.0;
				TARGETED_DEVICE_FAMILY = "1,2";
			};
			name = Debug;
		};
		7BABA4572401EE0D00259AE9 /* Release */ = {
			isa = XCBuildConfiguration;
			baseConfigurationReference = A9F59EFB3C2E156CAE6FF121 /* Pods-newsFeedDemo.release.xcconfig */;
			buildSettings = {
				ASSETCATALOG_COMPILER_APPICON_NAME = AppIcon;
				CODE_SIGN_STYLE = Automatic;
				INFOPLIST_FILE = newsFeedDemo/Info.plist;
				LD_RUNPATH_SEARCH_PATHS = (
					"$(inherited)",
					"@executable_path/Frameworks",
				);
				PRODUCT_BUNDLE_IDENTIFIER = com.edu.self.newsFeedDemo;
				PRODUCT_NAME = "$(TARGET_NAME)";
				SWIFT_VERSION = 5.0;
				TARGETED_DEVICE_FAMILY = "1,2";
			};
			name = Release;
		};
/* End XCBuildConfiguration section */

/* Begin XCConfigurationList section */
		7B73D78F241F274200C776B9 /* Build configuration list for PBXNativeTarget "newsFeedDemoTests" */ = {
			isa = XCConfigurationList;
			buildConfigurations = (
				7B73D790241F274200C776B9 /* Debug */,
				7B73D791241F274200C776B9 /* Release */,
			);
			defaultConfigurationIsVisible = 0;
			defaultConfigurationName = Release;
		};
		7BABA43C2401EE0C00259AE9 /* Build configuration list for PBXProject "newsFeedDemo" */ = {
			isa = XCConfigurationList;
			buildConfigurations = (
				7BABA4532401EE0D00259AE9 /* Debug */,
				7BABA4542401EE0D00259AE9 /* Release */,
			);
			defaultConfigurationIsVisible = 0;
			defaultConfigurationName = Release;
		};
		7BABA4552401EE0D00259AE9 /* Build configuration list for PBXNativeTarget "newsFeedDemo" */ = {
			isa = XCConfigurationList;
			buildConfigurations = (
				7BABA4562401EE0D00259AE9 /* Debug */,
				7BABA4572401EE0D00259AE9 /* Release */,
			);
			defaultConfigurationIsVisible = 0;
			defaultConfigurationName = Release;
		};
/* End XCConfigurationList section */
	};
	rootObject = 7BABA4392401EE0C00259AE9 /* Project object */;
}
